// !$*UTF8*$!
{
	archiveVersion = 1;
	classes = {
	};
	objectVersion = 46;
	objects = {

/* Begin PBXBuildFile section */
		0733C78618DCBE4D00128571 /* FFMainViewController.m in Sources */ = {isa = PBXBuildFile; fileRef = 0733C78418DCBE4D00128571 /* FFMainViewController.m */; };
		0733C78718DCBE4D00128571 /* FFMainViewController.xib in Resources */ = {isa = PBXBuildFile; fileRef = 0733C78518DCBE4D00128571 /* FFMainViewController.xib */; };
		0767173F18904DDA00F996EF /* StyleSettings.plist in Resources */ = {isa = PBXBuildFile; fileRef = 0767173E18904DDA00F996EF /* StyleSettings.plist */; };
		0767174018904DDA00F996EF /* StyleSettings.plist in Resources */ = {isa = PBXBuildFile; fileRef = 0767173E18904DDA00F996EF /* StyleSettings.plist */; };
		07E0CAB418DDFD230034F69E /* Cocoa.framework in Frameworks */ = {isa = PBXBuildFile; fileRef = 07F1BD641881DA0500D96872 /* Cocoa.framework */; };
		07E0CABA18DDFD230034F69E /* InfoPlist.strings in Resources */ = {isa = PBXBuildFile; fileRef = 07E0CAB818DDFD230034F69E /* InfoPlist.strings */; };
		07E0CAC418DDFD230034F69E /* XCTest.framework in Frameworks */ = {isa = PBXBuildFile; fileRef = 07F1BD831881DA0500D96872 /* XCTest.framework */; };
		07E0CAC518DDFD230034F69E /* Cocoa.framework in Frameworks */ = {isa = PBXBuildFile; fileRef = 07F1BD641881DA0500D96872 /* Cocoa.framework */; };
		07E0CAC818DDFD230034F69E /* FFXcodeProjectManager.framework in Frameworks */ = {isa = PBXBuildFile; fileRef = 07E0CAB318DDFD230034F69E /* FFXcodeProjectManager.framework */; };
		07E0CACE18DDFD230034F69E /* InfoPlist.strings in Resources */ = {isa = PBXBuildFile; fileRef = 07E0CACC18DDFD230034F69E /* InfoPlist.strings */; };
		07E0CAD018DDFD230034F69E /* FFXcodeProjectManagerTests.m in Sources */ = {isa = PBXBuildFile; fileRef = 07E0CACF18DDFD230034F69E /* FFXcodeProjectManagerTests.m */; };
		07E0CB4518DDFEFB0034F69E /* FFXcodeProjectManager.framework in Frameworks */ = {isa = PBXBuildFile; fileRef = 07E0CAB318DDFD230034F69E /* FFXcodeProjectManager.framework */; };
		07E0CB4618DE5EC50034F69E /* FFMainViewController.m in Sources */ = {isa = PBXBuildFile; fileRef = 0733C78418DCBE4D00128571 /* FFMainViewController.m */; };
		07E0CB4718DE5EC90034F69E /* FFAppDelegate.m in Sources */ = {isa = PBXBuildFile; fileRef = 07F1BD771881DA0500D96872 /* FFAppDelegate.m */; };
		07E0CB4818DE5ED40034F69E /* FFMainViewController.xib in Resources */ = {isa = PBXBuildFile; fileRef = 0733C78518DCBE4D00128571 /* FFMainViewController.xib */; };
		07E0CB4918DE5ED80034F69E /* MainMenu.xib in Resources */ = {isa = PBXBuildFile; fileRef = 07F1BD791881DA0500D96872 /* MainMenu.xib */; };
		07E0CBA518DF2A9E0034F69E /* Foundation.framework in Frameworks */ = {isa = PBXBuildFile; fileRef = 07E0CBA418DF2A9E0034F69E /* Foundation.framework */; };
		07E0CBB218DF2A9E0034F69E /* XCTest.framework in Frameworks */ = {isa = PBXBuildFile; fileRef = 07F1BD831881DA0500D96872 /* XCTest.framework */; };
		07E0CBB318DF2A9E0034F69E /* Foundation.framework in Frameworks */ = {isa = PBXBuildFile; fileRef = 07E0CBA418DF2A9E0034F69E /* Foundation.framework */; };
		07E0CBB518DF2A9E0034F69E /* UIKit.framework in Frameworks */ = {isa = PBXBuildFile; fileRef = 07E0CBB418DF2A9E0034F69E /* UIKit.framework */; };
		07E0CBB818DF2A9E0034F69E /* libFFXcodeProjectManager iOS.a in Frameworks */ = {isa = PBXBuildFile; fileRef = 07E0CBA318DF2A9E0034F69E /* libFFXcodeProjectManager iOS.a */; };
		07E0CBBE18DF2A9E0034F69E /* InfoPlist.strings in Resources */ = {isa = PBXBuildFile; fileRef = 07E0CBBC18DF2A9E0034F69E /* InfoPlist.strings */; };
		07E0CBC018DF2A9E0034F69E /* FFXcodeProjectManager_iOSTests.m in Sources */ = {isa = PBXBuildFile; fileRef = 07E0CBBF18DF2A9E0034F69E /* FFXcodeProjectManager_iOSTests.m */; };
		07EAC0A818F0B40A00EB316F /* FFXCBuildPhase.h in Headers */ = {isa = PBXBuildFile; fileRef = 07EAC05318F0B40A00EB316F /* FFXCBuildPhase.h */; settings = {ATTRIBUTES = (Public, ); }; };
		07EAC0A918F0B40A00EB316F /* FFXCBuildPhase.m in Sources */ = {isa = PBXBuildFile; fileRef = 07EAC05418F0B40A00EB316F /* FFXCBuildPhase.m */; };
		07EAC0AA18F0B40A00EB316F /* FFXCNamedBuildPhase.h in Headers */ = {isa = PBXBuildFile; fileRef = 07EAC05518F0B40A00EB316F /* FFXCNamedBuildPhase.h */; settings = {ATTRIBUTES = (Public, ); }; };
		07EAC0AB18F0B40A00EB316F /* FFXCNamedBuildPhase.m in Sources */ = {isa = PBXBuildFile; fileRef = 07EAC05618F0B40A00EB316F /* FFXCNamedBuildPhase.m */; };
		07EAC0AC18F0B40A00EB316F /* FFXCBuildPhases.h in Headers */ = {isa = PBXBuildFile; fileRef = 07EAC05718F0B40A00EB316F /* FFXCBuildPhases.h */; settings = {ATTRIBUTES = (Public, ); }; };
		07EAC0AD18F0B40A00EB316F /* FFXCCopyFilesBuildPhase.h in Headers */ = {isa = PBXBuildFile; fileRef = 07EAC05818F0B40A00EB316F /* FFXCCopyFilesBuildPhase.h */; settings = {ATTRIBUTES = (Public, ); }; };
		07EAC0AE18F0B40A00EB316F /* FFXCCopyFilesBuildPhase.m in Sources */ = {isa = PBXBuildFile; fileRef = 07EAC05918F0B40A00EB316F /* FFXCCopyFilesBuildPhase.m */; };
		07EAC0AF18F0B40A00EB316F /* FFXCFrameworksBuildPhase.h in Headers */ = {isa = PBXBuildFile; fileRef = 07EAC05A18F0B40A00EB316F /* FFXCFrameworksBuildPhase.h */; settings = {ATTRIBUTES = (Public, ); }; };
		07EAC0B018F0B40A00EB316F /* FFXCFrameworksBuildPhase.m in Sources */ = {isa = PBXBuildFile; fileRef = 07EAC05B18F0B40A00EB316F /* FFXCFrameworksBuildPhase.m */; };
		07EAC0B118F0B40A00EB316F /* FFXCHeadersBuildPhase.h in Headers */ = {isa = PBXBuildFile; fileRef = 07EAC05C18F0B40A00EB316F /* FFXCHeadersBuildPhase.h */; settings = {ATTRIBUTES = (Public, ); }; };
		07EAC0B218F0B40A00EB316F /* FFXCHeadersBuildPhase.m in Sources */ = {isa = PBXBuildFile; fileRef = 07EAC05D18F0B40A00EB316F /* FFXCHeadersBuildPhase.m */; };
		07EAC0B318F0B40A00EB316F /* FFXCResourcesBuildPhase.h in Headers */ = {isa = PBXBuildFile; fileRef = 07EAC05E18F0B40A00EB316F /* FFXCResourcesBuildPhase.h */; settings = {ATTRIBUTES = (Public, ); }; };
		07EAC0B418F0B40A00EB316F /* FFXCResourcesBuildPhase.m in Sources */ = {isa = PBXBuildFile; fileRef = 07EAC05F18F0B40A00EB316F /* FFXCResourcesBuildPhase.m */; };
		07EAC0B518F0B40A00EB316F /* FFXCShellScriptBuildPhase.h in Headers */ = {isa = PBXBuildFile; fileRef = 07EAC06018F0B40A00EB316F /* FFXCShellScriptBuildPhase.h */; settings = {ATTRIBUTES = (Public, ); }; };
		07EAC0B618F0B40A00EB316F /* FFXCShellScriptBuildPhase.m in Sources */ = {isa = PBXBuildFile; fileRef = 07EAC06118F0B40A00EB316F /* FFXCShellScriptBuildPhase.m */; };
		07EAC0B718F0B40A00EB316F /* FFXCSourcesBuildPhase.h in Headers */ = {isa = PBXBuildFile; fileRef = 07EAC06218F0B40A00EB316F /* FFXCSourcesBuildPhase.h */; settings = {ATTRIBUTES = (Public, ); }; };
		07EAC0B818F0B40A00EB316F /* FFXCSourcesBuildPhase.m in Sources */ = {isa = PBXBuildFile; fileRef = 07EAC06318F0B40A00EB316F /* FFXCSourcesBuildPhase.m */; };
		07EAC0B918F0B40A00EB316F /* FFXCConfigurableObject.h in Headers */ = {isa = PBXBuildFile; fileRef = 07EAC06618F0B40A00EB316F /* FFXCConfigurableObject.h */; settings = {ATTRIBUTES = (Public, ); }; };
		07EAC0BA18F0B40A00EB316F /* FFXCConfigurableObject.m in Sources */ = {isa = PBXBuildFile; fileRef = 07EAC06718F0B40A00EB316F /* FFXCConfigurableObject.m */; };
		07EAC0BB18F0B40A00EB316F /* FFXCConfigurableObjects.h in Headers */ = {isa = PBXBuildFile; fileRef = 07EAC06818F0B40A00EB316F /* FFXCConfigurableObjects.h */; settings = {ATTRIBUTES = (Public, ); }; };
		07EAC0BC18F0B40A00EB316F /* FFXCProject.h in Headers */ = {isa = PBXBuildFile; fileRef = 07EAC06918F0B40A00EB316F /* FFXCProject.h */; settings = {ATTRIBUTES = (Public, ); }; };
		07EAC0BD18F0B40A00EB316F /* FFXCProject.m in Sources */ = {isa = PBXBuildFile; fileRef = 07EAC06A18F0B40A00EB316F /* FFXCProject.m */; };
		07EAC0BE18F0B40A00EB316F /* FFXCTarget.h in Headers */ = {isa = PBXBuildFile; fileRef = 07EAC06D18F0B40A00EB316F /* FFXCTarget.h */; settings = {ATTRIBUTES = (Public, ); }; };
		07EAC0BF18F0B40A00EB316F /* FFXCTarget.m in Sources */ = {isa = PBXBuildFile; fileRef = 07EAC06E18F0B40A00EB316F /* FFXCTarget.m */; };
		07EAC0C018F0B40A00EB316F /* FFXCAggregateTarget.h in Headers */ = {isa = PBXBuildFile; fileRef = 07EAC06F18F0B40A00EB316F /* FFXCAggregateTarget.h */; settings = {ATTRIBUTES = (Public, ); }; };
		07EAC0C118F0B40A00EB316F /* FFXCAggregateTarget.m in Sources */ = {isa = PBXBuildFile; fileRef = 07EAC07018F0B40A00EB316F /* FFXCAggregateTarget.m */; };
		07EAC0C218F0B40A00EB316F /* FFXCNativeTarget.h in Headers */ = {isa = PBXBuildFile; fileRef = 07EAC07118F0B40A00EB316F /* FFXCNativeTarget.h */; settings = {ATTRIBUTES = (Public, ); }; };
		07EAC0C318F0B40A00EB316F /* FFXCNativeTarget.m in Sources */ = {isa = PBXBuildFile; fileRef = 07EAC07218F0B40A00EB316F /* FFXCNativeTarget.m */; };
		07EAC0C418F0B40A00EB316F /* FFXCTargets.h in Headers */ = {isa = PBXBuildFile; fileRef = 07EAC07318F0B40A00EB316F /* FFXCTargets.h */; settings = {ATTRIBUTES = (Public, ); }; };
		07EAC0C518F0B40A00EB316F /* FFXCBuildConfiguration.h in Headers */ = {isa = PBXBuildFile; fileRef = 07EAC07518F0B40A00EB316F /* FFXCBuildConfiguration.h */; settings = {ATTRIBUTES = (Public, ); }; };
		07EAC0C618F0B40A00EB316F /* FFXCBuildConfiguration.m in Sources */ = {isa = PBXBuildFile; fileRef = 07EAC07618F0B40A00EB316F /* FFXCBuildConfiguration.m */; };
		07EAC0C718F0B40A00EB316F /* FFXCConfigurationList.h in Headers */ = {isa = PBXBuildFile; fileRef = 07EAC07718F0B40A00EB316F /* FFXCConfigurationList.h */; settings = {ATTRIBUTES = (Public, ); }; };
		07EAC0C818F0B40A00EB316F /* FFXCConfigurationList.m in Sources */ = {isa = PBXBuildFile; fileRef = 07EAC07818F0B40A00EB316F /* FFXCConfigurationList.m */; };
		07EAC0C918F0B40A00EB316F /* FFXCConfigurations.h in Headers */ = {isa = PBXBuildFile; fileRef = 07EAC07918F0B40A00EB316F /* FFXCConfigurations.h */; settings = {ATTRIBUTES = (Public, ); }; };
		07EAC0CB18F0B40A00EB316F /* FFXCFileObject.h in Headers */ = {isa = PBXBuildFile; fileRef = 07EAC07F18F0B40A00EB316F /* FFXCFileObject.h */; settings = {ATTRIBUTES = (Public, ); }; };
		07EAC0CC18F0B40A00EB316F /* FFXCFileObject.m in Sources */ = {isa = PBXBuildFile; fileRef = 07EAC08018F0B40A00EB316F /* FFXCFileObject.m */; };
		07EAC0CD18F0B40A00EB316F /* FFXCExplicitFileReference.h in Headers */ = {isa = PBXBuildFile; fileRef = 07EAC08118F0B40A00EB316F /* FFXCExplicitFileReference.h */; settings = {ATTRIBUTES = (Public, ); }; };
		07EAC0CE18F0B40A00EB316F /* FFXCExplicitFileReference.m in Sources */ = {isa = PBXBuildFile; fileRef = 07EAC08218F0B40A00EB316F /* FFXCExplicitFileReference.m */; };
		07EAC0CF18F0B40A00EB316F /* FFXCFiles.h in Headers */ = {isa = PBXBuildFile; fileRef = 07EAC08318F0B40A00EB316F /* FFXCFiles.h */; settings = {ATTRIBUTES = (Public, ); }; };
		07EAC0D018F0B40A00EB316F /* FFXCKnownFileReference.h in Headers */ = {isa = PBXBuildFile; fileRef = 07EAC08418F0B40A00EB316F /* FFXCKnownFileReference.h */; settings = {ATTRIBUTES = (Public, ); }; };
		07EAC0D118F0B40A00EB316F /* FFXCKnownFileReference.m in Sources */ = {isa = PBXBuildFile; fileRef = 07EAC08518F0B40A00EB316F /* FFXCKnownFileReference.m */; };
		07EAC0D218F0B40A00EB316F /* FFXCNamedFileReference.h in Headers */ = {isa = PBXBuildFile; fileRef = 07EAC08618F0B40A00EB316F /* FFXCNamedFileReference.h */; settings = {ATTRIBUTES = (Public, ); }; };
		07EAC0D318F0B40A00EB316F /* FFXCNamedFileReference.m in Sources */ = {isa = PBXBuildFile; fileRef = 07EAC08718F0B40A00EB316F /* FFXCNamedFileReference.m */; };
		07EAC0D418F0B40A00EB316F /* FFXCReferenceProxy.h in Headers */ = {isa = PBXBuildFile; fileRef = 07EAC08818F0B40A00EB316F /* FFXCReferenceProxy.h */; settings = {ATTRIBUTES = (Public, ); }; };
		07EAC0D518F0B40A00EB316F /* FFXCReferenceProxy.m in Sources */ = {isa = PBXBuildFile; fileRef = 07EAC08918F0B40A00EB316F /* FFXCReferenceProxy.m */; };
		07EAC0D618F0B40A00EB316F /* FFXCGroup.h in Headers */ = {isa = PBXBuildFile; fileRef = 07EAC08B18F0B40A00EB316F /* FFXCGroup.h */; settings = {ATTRIBUTES = (Public, ); }; };
		07EAC0D718F0B40A00EB316F /* FFXCGroup.m in Sources */ = {isa = PBXBuildFile; fileRef = 07EAC08C18F0B40A00EB316F /* FFXCGroup.m */; };
		07EAC0D818F0B40A00EB316F /* FFXCGroups.h in Headers */ = {isa = PBXBuildFile; fileRef = 07EAC08D18F0B40A00EB316F /* FFXCGroups.h */; settings = {ATTRIBUTES = (Public, ); }; };
		07EAC0D918F0B40A00EB316F /* FFXCVariantGroup.h in Headers */ = {isa = PBXBuildFile; fileRef = 07EAC08E18F0B40A00EB316F /* FFXCVariantGroup.h */; settings = {ATTRIBUTES = (Public, ); }; };
		07EAC0DA18F0B40A00EB316F /* FFXCVariantGroup.m in Sources */ = {isa = PBXBuildFile; fileRef = 07EAC08F18F0B40A00EB316F /* FFXCVariantGroup.m */; };
		07EAC0DB18F0B40A00EB316F /* FFXCVersionGroup.h in Headers */ = {isa = PBXBuildFile; fileRef = 07EAC09018F0B40A00EB316F /* FFXCVersionGroup.h */; settings = {ATTRIBUTES = (Public, ); }; };
		07EAC0DC18F0B40A00EB316F /* FFXCVersionGroup.m in Sources */ = {isa = PBXBuildFile; fileRef = 07EAC09118F0B40A00EB316F /* FFXCVersionGroup.m */; };
		07EAC0DD18F0B40A00EB316F /* FFXCBuildFile.h in Headers */ = {isa = PBXBuildFile; fileRef = 07EAC09318F0B40A00EB316F /* FFXCBuildFile.h */; settings = {ATTRIBUTES = (Public, ); }; };
		07EAC0DE18F0B40A00EB316F /* FFXCBuildFile.m in Sources */ = {isa = PBXBuildFile; fileRef = 07EAC09418F0B40A00EB316F /* FFXCBuildFile.m */; };
		07EAC0DF18F0B40A00EB316F /* FFXCContainerItemProxy.h in Headers */ = {isa = PBXBuildFile; fileRef = 07EAC09518F0B40A00EB316F /* FFXCContainerItemProxy.h */; settings = {ATTRIBUTES = (Public, ); }; };
		07EAC0E018F0B40A00EB316F /* FFXCContainerItemProxy.m in Sources */ = {isa = PBXBuildFile; fileRef = 07EAC09618F0B40A00EB316F /* FFXCContainerItemProxy.m */; };
		07EAC0E118F0B40A00EB316F /* FFXCOthers.h in Headers */ = {isa = PBXBuildFile; fileRef = 07EAC09718F0B40A00EB316F /* FFXCOthers.h */; settings = {ATTRIBUTES = (Public, ); }; };
		07EAC0E218F0B40A00EB316F /* FFXCTargetDependency.h in Headers */ = {isa = PBXBuildFile; fileRef = 07EAC09818F0B40A00EB316F /* FFXCTargetDependency.h */; settings = {ATTRIBUTES = (Public, ); }; };
		07EAC0E318F0B40A00EB316F /* FFXCTargetDependency.m in Sources */ = {isa = PBXBuildFile; fileRef = 07EAC09918F0B40A00EB316F /* FFXCTargetDependency.m */; };
		07EAC0E418F0B40A00EB316F /* FFXCObject.h in Headers */ = {isa = PBXBuildFile; fileRef = 07EAC09A18F0B40A00EB316F /* FFXCObject.h */; settings = {ATTRIBUTES = (Public, ); }; };
		07EAC0E518F0B40A00EB316F /* FFXCObject.m in Sources */ = {isa = PBXBuildFile; fileRef = 07EAC09B18F0B40A00EB316F /* FFXCObject.m */; };
		07EAC0E618F0B40A00EB316F /* FFXCObject+ClassFactory.h in Headers */ = {isa = PBXBuildFile; fileRef = 07EAC09C18F0B40A00EB316F /* FFXCObject+ClassFactory.h */; };
		07EAC0E718F0B40A00EB316F /* FFXCObject+ClassFactory.m in Sources */ = {isa = PBXBuildFile; fileRef = 07EAC09D18F0B40A00EB316F /* FFXCObject+ClassFactory.m */; };
		07EAC0E818F0B40A00EB316F /* FFXCObject+PrivateMethods.h in Headers */ = {isa = PBXBuildFile; fileRef = 07EAC09E18F0B40A00EB316F /* FFXCObject+PrivateMethods.h */; };
		07EAC0E918F0B40A00EB316F /* FFXCObject+PrivateMethods.m in Sources */ = {isa = PBXBuildFile; fileRef = 07EAC09F18F0B40A00EB316F /* FFXCObject+PrivateMethods.m */; };
		07EAC0EA18F0B40A00EB316F /* FFXCObjects.h in Headers */ = {isa = PBXBuildFile; fileRef = 07EAC0A018F0B40A00EB316F /* FFXCObjects.h */; settings = {ATTRIBUTES = (Public, ); }; };
		07EAC0EB18F0B40A00EB316F /* FFXCObjectsManager.h in Headers */ = {isa = PBXBuildFile; fileRef = 07EAC0A118F0B40A00EB316F /* FFXCObjectsManager.h */; settings = {ATTRIBUTES = (Public, ); }; };
		07EAC0EC18F0B40A00EB316F /* FFXCObjectsManager.m in Sources */ = {isa = PBXBuildFile; fileRef = 07EAC0A218F0B40A00EB316F /* FFXCObjectsManager.m */; };
		07EAC0ED18F0B40A00EB316F /* FFXcodeProjectManager.h in Headers */ = {isa = PBXBuildFile; fileRef = 07EAC0A318F0B40A00EB316F /* FFXcodeProjectManager.h */; settings = {ATTRIBUTES = (Public, ); }; };
		07EAC0EE18F0B40A00EB316F /* FFXCProjectFile.h in Headers */ = {isa = PBXBuildFile; fileRef = 07EAC0A418F0B40A00EB316F /* FFXCProjectFile.h */; settings = {ATTRIBUTES = (Public, ); }; };
		07EAC0EF18F0B40A00EB316F /* FFXCProjectFile.m in Sources */ = {isa = PBXBuildFile; fileRef = 07EAC0A518F0B40A00EB316F /* FFXCProjectFile.m */; };
		07EAC0F018F0B40A00EB316F /* FFXCProjectUIDGenerator.h in Headers */ = {isa = PBXBuildFile; fileRef = 07EAC0A618F0B40A00EB316F /* FFXCProjectUIDGenerator.h */; settings = {ATTRIBUTES = (Public, ); }; };
		07EAC0F118F0B40A00EB316F /* FFXCProjectUIDGenerator.m in Sources */ = {isa = PBXBuildFile; fileRef = 07EAC0A718F0B40A00EB316F /* FFXCProjectUIDGenerator.m */; };
		07F1BD651881DA0500D96872 /* Cocoa.framework in Frameworks */ = {isa = PBXBuildFile; fileRef = 07F1BD641881DA0500D96872 /* Cocoa.framework */; };
		07F1BD6F1881DA0500D96872 /* InfoPlist.strings in Resources */ = {isa = PBXBuildFile; fileRef = 07F1BD6D1881DA0500D96872 /* InfoPlist.strings */; };
		07F1BD711881DA0500D96872 /* main.m in Sources */ = {isa = PBXBuildFile; fileRef = 07F1BD701881DA0500D96872 /* main.m */; };
		07F1BD751881DA0500D96872 /* Credits.rtf in Resources */ = {isa = PBXBuildFile; fileRef = 07F1BD731881DA0500D96872 /* Credits.rtf */; };
		07F1BD781881DA0500D96872 /* FFAppDelegate.m in Sources */ = {isa = PBXBuildFile; fileRef = 07F1BD771881DA0500D96872 /* FFAppDelegate.m */; };
		07F1BD7B1881DA0500D96872 /* MainMenu.xib in Resources */ = {isa = PBXBuildFile; fileRef = 07F1BD791881DA0500D96872 /* MainMenu.xib */; };
		07F1BD7D1881DA0500D96872 /* Images.xcassets in Resources */ = {isa = PBXBuildFile; fileRef = 07F1BD7C1881DA0500D96872 /* Images.xcassets */; };
		07F1BD841881DA0500D96872 /* XCTest.framework in Frameworks */ = {isa = PBXBuildFile; fileRef = 07F1BD831881DA0500D96872 /* XCTest.framework */; };
		07F1BD851881DA0500D96872 /* Cocoa.framework in Frameworks */ = {isa = PBXBuildFile; fileRef = 07F1BD641881DA0500D96872 /* Cocoa.framework */; };
		07F1BD8D1881DA0500D96872 /* InfoPlist.strings in Resources */ = {isa = PBXBuildFile; fileRef = 07F1BD8B1881DA0500D96872 /* InfoPlist.strings */; };
		07F1BD8F1881DA0500D96872 /* FFXcodeProjectManager_SampleTests.m in Sources */ = {isa = PBXBuildFile; fileRef = 07F1BD8E1881DA0500D96872 /* FFXcodeProjectManager_SampleTests.m */; };
/* End PBXBuildFile section */

/* Begin PBXContainerItemProxy section */
		07E0CAC618DDFD230034F69E /* PBXContainerItemProxy */ = {
			isa = PBXContainerItemProxy;
			containerPortal = 07F1BD591881DA0500D96872 /* Project object */;
			proxyType = 1;
			remoteGlobalIDString = 07E0CAB218DDFD230034F69E;
			remoteInfo = FFXcodeProjectManager;
		};
		07E0CB4318DDFEE70034F69E /* PBXContainerItemProxy */ = {
			isa = PBXContainerItemProxy;
			containerPortal = 07F1BD591881DA0500D96872 /* Project object */;
			proxyType = 1;
			remoteGlobalIDString = 07E0CAB218DDFD230034F69E;
			remoteInfo = FFXcodeProjectManager;
		};
		07E0CBB618DF2A9E0034F69E /* PBXContainerItemProxy */ = {
			isa = PBXContainerItemProxy;
			containerPortal = 07F1BD591881DA0500D96872 /* Project object */;
			proxyType = 1;
			remoteGlobalIDString = 07E0CBA218DF2A9E0034F69E;
			remoteInfo = "FFXcodeProjectManager iOS";
		};
		07F1BD861881DA0500D96872 /* PBXContainerItemProxy */ = {
			isa = PBXContainerItemProxy;
			containerPortal = 07F1BD591881DA0500D96872 /* Project object */;
			proxyType = 1;
			remoteGlobalIDString = 07F1BD601881DA0500D96872;
			remoteInfo = "FFXcodeProjectManager Sample";
		};
/* End PBXContainerItemProxy section */

/* Begin PBXCopyFilesBuildPhase section */
		07E0CBA118DF2A9E0034F69E /* CopyFiles */ = {
			isa = PBXCopyFilesBuildPhase;
			buildActionMask = 2147483647;
			dstPath = "include/$(PRODUCT_NAME)";
			dstSubfolderSpec = 16;
			files = (
			);
			runOnlyForDeploymentPostprocessing = 0;
		};
/* End PBXCopyFilesBuildPhase section */

/* Begin PBXFileReference section */
		0733C78318DCBE4D00128571 /* FFMainViewController.h */ = {isa = PBXFileReference; fileEncoding = 4; lastKnownFileType = sourcecode.c.h; path = FFMainViewController.h; sourceTree = "<group>"; };
		0733C78418DCBE4D00128571 /* FFMainViewController.m */ = {isa = PBXFileReference; fileEncoding = 4; lastKnownFileType = sourcecode.c.objc; path = FFMainViewController.m; sourceTree = "<group>"; };
		0733C78518DCBE4D00128571 /* FFMainViewController.xib */ = {isa = PBXFileReference; fileEncoding = 4; lastKnownFileType = file.xib; path = FFMainViewController.xib; sourceTree = "<group>"; };
		0767173E18904DDA00F996EF /* StyleSettings.plist */ = {isa = PBXFileReference; fileEncoding = 4; lastKnownFileType = text.plist.xml; path = StyleSettings.plist; sourceTree = "<group>"; };
		07E0CAB318DDFD230034F69E /* FFXcodeProjectManager.framework */ = {isa = PBXFileReference; explicitFileType = wrapper.framework; includeInIndex = 0; path = FFXcodeProjectManager.framework; sourceTree = BUILT_PRODUCTS_DIR; };
		07E0CAB718DDFD230034F69E /* FFXcodeProjectManager-Info.plist */ = {isa = PBXFileReference; lastKnownFileType = text.plist.xml; path = "FFXcodeProjectManager-Info.plist"; sourceTree = "<group>"; };
		07E0CAB918DDFD230034F69E /* en */ = {isa = PBXFileReference; lastKnownFileType = text.plist.strings; name = en; path = en.lproj/InfoPlist.strings; sourceTree = "<group>"; };
		07E0CABB18DDFD230034F69E /* FFXcodeProjectManager-Prefix.pch */ = {isa = PBXFileReference; lastKnownFileType = sourcecode.c.h; path = "FFXcodeProjectManager-Prefix.pch"; sourceTree = "<group>"; };
		07E0CABC18DDFD230034F69E /* FFXcodeProjectManager.h */ = {isa = PBXFileReference; lastKnownFileType = sourcecode.c.h; name = FFXcodeProjectManager.h; path = ../FFXcodeProjectManager/FFXcodeProjectManager.h; sourceTree = "<group>"; };
		07E0CAC318DDFD230034F69E /* FFXcodeProjectManagerTests.xctest */ = {isa = PBXFileReference; explicitFileType = wrapper.cfbundle; includeInIndex = 0; path = FFXcodeProjectManagerTests.xctest; sourceTree = BUILT_PRODUCTS_DIR; };
		07E0CACB18DDFD230034F69E /* FFXcodeProjectManagerTests-Info.plist */ = {isa = PBXFileReference; lastKnownFileType = text.plist.xml; path = "FFXcodeProjectManagerTests-Info.plist"; sourceTree = "<group>"; };
		07E0CACD18DDFD230034F69E /* en */ = {isa = PBXFileReference; lastKnownFileType = text.plist.strings; name = en; path = en.lproj/InfoPlist.strings; sourceTree = "<group>"; };
		07E0CACF18DDFD230034F69E /* FFXcodeProjectManagerTests.m */ = {isa = PBXFileReference; lastKnownFileType = sourcecode.c.objc; path = FFXcodeProjectManagerTests.m; sourceTree = "<group>"; };
		07E0CBA318DF2A9E0034F69E /* libFFXcodeProjectManager iOS.a */ = {isa = PBXFileReference; explicitFileType = archive.ar; includeInIndex = 0; path = "libFFXcodeProjectManager iOS.a"; sourceTree = BUILT_PRODUCTS_DIR; };
		07E0CBA418DF2A9E0034F69E /* Foundation.framework */ = {isa = PBXFileReference; lastKnownFileType = wrapper.framework; name = Foundation.framework; path = System/Library/Frameworks/Foundation.framework; sourceTree = SDKROOT; };
		07E0CBA818DF2A9E0034F69E /* FFXcodeProjectManager iOS-Prefix.pch */ = {isa = PBXFileReference; lastKnownFileType = sourcecode.c.h; path = "FFXcodeProjectManager iOS-Prefix.pch"; sourceTree = "<group>"; };
		07E0CBB118DF2A9E0034F69E /* FFXcodeProjectManager iOSTests.xctest */ = {isa = PBXFileReference; explicitFileType = wrapper.cfbundle; includeInIndex = 0; path = "FFXcodeProjectManager iOSTests.xctest"; sourceTree = BUILT_PRODUCTS_DIR; };
		07E0CBB418DF2A9E0034F69E /* UIKit.framework */ = {isa = PBXFileReference; lastKnownFileType = wrapper.framework; name = UIKit.framework; path = Library/Frameworks/UIKit.framework; sourceTree = DEVELOPER_DIR; };
		07E0CBBB18DF2A9E0034F69E /* FFXcodeProjectManager iOSTests-Info.plist */ = {isa = PBXFileReference; lastKnownFileType = text.plist.xml; path = "FFXcodeProjectManager iOSTests-Info.plist"; sourceTree = "<group>"; };
		07E0CBBD18DF2A9E0034F69E /* en */ = {isa = PBXFileReference; lastKnownFileType = text.plist.strings; name = en; path = en.lproj/InfoPlist.strings; sourceTree = "<group>"; };
		07E0CBBF18DF2A9E0034F69E /* FFXcodeProjectManager_iOSTests.m */ = {isa = PBXFileReference; lastKnownFileType = sourcecode.c.objc; path = FFXcodeProjectManager_iOSTests.m; sourceTree = "<group>"; };
		07E0CBCD18DF2ADE0034F69E /* CoreGraphics.framework */ = {isa = PBXFileReference; lastKnownFileType = wrapper.framework; name = CoreGraphics.framework; path = System/Library/Frameworks/CoreGraphics.framework; sourceTree = SDKROOT; };
		07EAC05318F0B40A00EB316F /* FFXCBuildPhase.h */ = {isa = PBXFileReference; fileEncoding = 4; lastKnownFileType = sourcecode.c.h; path = FFXCBuildPhase.h; sourceTree = "<group>"; };
		07EAC05418F0B40A00EB316F /* FFXCBuildPhase.m */ = {isa = PBXFileReference; fileEncoding = 4; lastKnownFileType = sourcecode.c.objc; path = FFXCBuildPhase.m; sourceTree = "<group>"; };
		07EAC05518F0B40A00EB316F /* FFXCNamedBuildPhase.h */ = {isa = PBXFileReference; fileEncoding = 4; lastKnownFileType = sourcecode.c.h; path = FFXCNamedBuildPhase.h; sourceTree = "<group>"; };
		07EAC05618F0B40A00EB316F /* FFXCNamedBuildPhase.m */ = {isa = PBXFileReference; fileEncoding = 4; lastKnownFileType = sourcecode.c.objc; path = FFXCNamedBuildPhase.m; sourceTree = "<group>"; };
		07EAC05718F0B40A00EB316F /* FFXCBuildPhases.h */ = {isa = PBXFileReference; fileEncoding = 4; lastKnownFileType = sourcecode.c.h; path = FFXCBuildPhases.h; sourceTree = "<group>"; };
		07EAC05818F0B40A00EB316F /* FFXCCopyFilesBuildPhase.h */ = {isa = PBXFileReference; fileEncoding = 4; lastKnownFileType = sourcecode.c.h; path = FFXCCopyFilesBuildPhase.h; sourceTree = "<group>"; };
		07EAC05918F0B40A00EB316F /* FFXCCopyFilesBuildPhase.m */ = {isa = PBXFileReference; fileEncoding = 4; lastKnownFileType = sourcecode.c.objc; path = FFXCCopyFilesBuildPhase.m; sourceTree = "<group>"; };
		07EAC05A18F0B40A00EB316F /* FFXCFrameworksBuildPhase.h */ = {isa = PBXFileReference; fileEncoding = 4; lastKnownFileType = sourcecode.c.h; path = FFXCFrameworksBuildPhase.h; sourceTree = "<group>"; };
		07EAC05B18F0B40A00EB316F /* FFXCFrameworksBuildPhase.m */ = {isa = PBXFileReference; fileEncoding = 4; lastKnownFileType = sourcecode.c.objc; path = FFXCFrameworksBuildPhase.m; sourceTree = "<group>"; };
		07EAC05C18F0B40A00EB316F /* FFXCHeadersBuildPhase.h */ = {isa = PBXFileReference; fileEncoding = 4; lastKnownFileType = sourcecode.c.h; path = FFXCHeadersBuildPhase.h; sourceTree = "<group>"; };
		07EAC05D18F0B40A00EB316F /* FFXCHeadersBuildPhase.m */ = {isa = PBXFileReference; fileEncoding = 4; lastKnownFileType = sourcecode.c.objc; path = FFXCHeadersBuildPhase.m; sourceTree = "<group>"; };
		07EAC05E18F0B40A00EB316F /* FFXCResourcesBuildPhase.h */ = {isa = PBXFileReference; fileEncoding = 4; lastKnownFileType = sourcecode.c.h; path = FFXCResourcesBuildPhase.h; sourceTree = "<group>"; };
		07EAC05F18F0B40A00EB316F /* FFXCResourcesBuildPhase.m */ = {isa = PBXFileReference; fileEncoding = 4; lastKnownFileType = sourcecode.c.objc; path = FFXCResourcesBuildPhase.m; sourceTree = "<group>"; };
		07EAC06018F0B40A00EB316F /* FFXCShellScriptBuildPhase.h */ = {isa = PBXFileReference; fileEncoding = 4; lastKnownFileType = sourcecode.c.h; path = FFXCShellScriptBuildPhase.h; sourceTree = "<group>"; };
		07EAC06118F0B40A00EB316F /* FFXCShellScriptBuildPhase.m */ = {isa = PBXFileReference; fileEncoding = 4; lastKnownFileType = sourcecode.c.objc; path = FFXCShellScriptBuildPhase.m; sourceTree = "<group>"; };
		07EAC06218F0B40A00EB316F /* FFXCSourcesBuildPhase.h */ = {isa = PBXFileReference; fileEncoding = 4; lastKnownFileType = sourcecode.c.h; path = FFXCSourcesBuildPhase.h; sourceTree = "<group>"; };
		07EAC06318F0B40A00EB316F /* FFXCSourcesBuildPhase.m */ = {isa = PBXFileReference; fileEncoding = 4; lastKnownFileType = sourcecode.c.objc; path = FFXCSourcesBuildPhase.m; sourceTree = "<group>"; };
		07EAC06618F0B40A00EB316F /* FFXCConfigurableObject.h */ = {isa = PBXFileReference; fileEncoding = 4; lastKnownFileType = sourcecode.c.h; path = FFXCConfigurableObject.h; sourceTree = "<group>"; };
		07EAC06718F0B40A00EB316F /* FFXCConfigurableObject.m */ = {isa = PBXFileReference; fileEncoding = 4; lastKnownFileType = sourcecode.c.objc; path = FFXCConfigurableObject.m; sourceTree = "<group>"; };
		07EAC06818F0B40A00EB316F /* FFXCConfigurableObjects.h */ = {isa = PBXFileReference; fileEncoding = 4; lastKnownFileType = sourcecode.c.h; path = FFXCConfigurableObjects.h; sourceTree = "<group>"; };
		07EAC06918F0B40A00EB316F /* FFXCProject.h */ = {isa = PBXFileReference; fileEncoding = 4; lastKnownFileType = sourcecode.c.h; path = FFXCProject.h; sourceTree = "<group>"; };
		07EAC06A18F0B40A00EB316F /* FFXCProject.m */ = {isa = PBXFileReference; fileEncoding = 4; lastKnownFileType = sourcecode.c.objc; path = FFXCProject.m; sourceTree = "<group>"; };
		07EAC06D18F0B40A00EB316F /* FFXCTarget.h */ = {isa = PBXFileReference; fileEncoding = 4; lastKnownFileType = sourcecode.c.h; path = FFXCTarget.h; sourceTree = "<group>"; };
		07EAC06E18F0B40A00EB316F /* FFXCTarget.m */ = {isa = PBXFileReference; fileEncoding = 4; lastKnownFileType = sourcecode.c.objc; path = FFXCTarget.m; sourceTree = "<group>"; };
		07EAC06F18F0B40A00EB316F /* FFXCAggregateTarget.h */ = {isa = PBXFileReference; fileEncoding = 4; lastKnownFileType = sourcecode.c.h; path = FFXCAggregateTarget.h; sourceTree = "<group>"; };
		07EAC07018F0B40A00EB316F /* FFXCAggregateTarget.m */ = {isa = PBXFileReference; fileEncoding = 4; lastKnownFileType = sourcecode.c.objc; path = FFXCAggregateTarget.m; sourceTree = "<group>"; };
		07EAC07118F0B40A00EB316F /* FFXCNativeTarget.h */ = {isa = PBXFileReference; fileEncoding = 4; lastKnownFileType = sourcecode.c.h; path = FFXCNativeTarget.h; sourceTree = "<group>"; };
		07EAC07218F0B40A00EB316F /* FFXCNativeTarget.m */ = {isa = PBXFileReference; fileEncoding = 4; lastKnownFileType = sourcecode.c.objc; path = FFXCNativeTarget.m; sourceTree = "<group>"; };
		07EAC07318F0B40A00EB316F /* FFXCTargets.h */ = {isa = PBXFileReference; fileEncoding = 4; lastKnownFileType = sourcecode.c.h; path = FFXCTargets.h; sourceTree = "<group>"; };
		07EAC07518F0B40A00EB316F /* FFXCBuildConfiguration.h */ = {isa = PBXFileReference; fileEncoding = 4; lastKnownFileType = sourcecode.c.h; path = FFXCBuildConfiguration.h; sourceTree = "<group>"; };
		07EAC07618F0B40A00EB316F /* FFXCBuildConfiguration.m */ = {isa = PBXFileReference; fileEncoding = 4; lastKnownFileType = sourcecode.c.objc; path = FFXCBuildConfiguration.m; sourceTree = "<group>"; };
		07EAC07718F0B40A00EB316F /* FFXCConfigurationList.h */ = {isa = PBXFileReference; fileEncoding = 4; lastKnownFileType = sourcecode.c.h; path = FFXCConfigurationList.h; sourceTree = "<group>"; };
		07EAC07818F0B40A00EB316F /* FFXCConfigurationList.m */ = {isa = PBXFileReference; fileEncoding = 4; lastKnownFileType = sourcecode.c.objc; path = FFXCConfigurationList.m; sourceTree = "<group>"; };
		07EAC07918F0B40A00EB316F /* FFXCConfigurations.h */ = {isa = PBXFileReference; fileEncoding = 4; lastKnownFileType = sourcecode.c.h; path = FFXCConfigurations.h; sourceTree = "<group>"; };
		07EAC07F18F0B40A00EB316F /* FFXCFileObject.h */ = {isa = PBXFileReference; fileEncoding = 4; lastKnownFileType = sourcecode.c.h; path = FFXCFileObject.h; sourceTree = "<group>"; };
		07EAC08018F0B40A00EB316F /* FFXCFileObject.m */ = {isa = PBXFileReference; fileEncoding = 4; lastKnownFileType = sourcecode.c.objc; path = FFXCFileObject.m; sourceTree = "<group>"; };
		07EAC08118F0B40A00EB316F /* FFXCExplicitFileReference.h */ = {isa = PBXFileReference; fileEncoding = 4; lastKnownFileType = sourcecode.c.h; path = FFXCExplicitFileReference.h; sourceTree = "<group>"; };
		07EAC08218F0B40A00EB316F /* FFXCExplicitFileReference.m */ = {isa = PBXFileReference; fileEncoding = 4; lastKnownFileType = sourcecode.c.objc; path = FFXCExplicitFileReference.m; sourceTree = "<group>"; };
		07EAC08318F0B40A00EB316F /* FFXCFiles.h */ = {isa = PBXFileReference; fileEncoding = 4; lastKnownFileType = sourcecode.c.h; path = FFXCFiles.h; sourceTree = "<group>"; };
		07EAC08418F0B40A00EB316F /* FFXCKnownFileReference.h */ = {isa = PBXFileReference; fileEncoding = 4; lastKnownFileType = sourcecode.c.h; path = FFXCKnownFileReference.h; sourceTree = "<group>"; };
		07EAC08518F0B40A00EB316F /* FFXCKnownFileReference.m */ = {isa = PBXFileReference; fileEncoding = 4; lastKnownFileType = sourcecode.c.objc; path = FFXCKnownFileReference.m; sourceTree = "<group>"; };
		07EAC08618F0B40A00EB316F /* FFXCNamedFileReference.h */ = {isa = PBXFileReference; fileEncoding = 4; lastKnownFileType = sourcecode.c.h; path = FFXCNamedFileReference.h; sourceTree = "<group>"; };
		07EAC08718F0B40A00EB316F /* FFXCNamedFileReference.m */ = {isa = PBXFileReference; fileEncoding = 4; lastKnownFileType = sourcecode.c.objc; path = FFXCNamedFileReference.m; sourceTree = "<group>"; };
		07EAC08818F0B40A00EB316F /* FFXCReferenceProxy.h */ = {isa = PBXFileReference; fileEncoding = 4; lastKnownFileType = sourcecode.c.h; path = FFXCReferenceProxy.h; sourceTree = "<group>"; };
		07EAC08918F0B40A00EB316F /* FFXCReferenceProxy.m */ = {isa = PBXFileReference; fileEncoding = 4; lastKnownFileType = sourcecode.c.objc; path = FFXCReferenceProxy.m; sourceTree = "<group>"; };
		07EAC08B18F0B40A00EB316F /* FFXCGroup.h */ = {isa = PBXFileReference; fileEncoding = 4; lastKnownFileType = sourcecode.c.h; path = FFXCGroup.h; sourceTree = "<group>"; };
		07EAC08C18F0B40A00EB316F /* FFXCGroup.m */ = {isa = PBXFileReference; fileEncoding = 4; lastKnownFileType = sourcecode.c.objc; path = FFXCGroup.m; sourceTree = "<group>"; };
		07EAC08D18F0B40A00EB316F /* FFXCGroups.h */ = {isa = PBXFileReference; fileEncoding = 4; lastKnownFileType = sourcecode.c.h; path = FFXCGroups.h; sourceTree = "<group>"; };
		07EAC08E18F0B40A00EB316F /* FFXCVariantGroup.h */ = {isa = PBXFileReference; fileEncoding = 4; lastKnownFileType = sourcecode.c.h; path = FFXCVariantGroup.h; sourceTree = "<group>"; };
		07EAC08F18F0B40A00EB316F /* FFXCVariantGroup.m */ = {isa = PBXFileReference; fileEncoding = 4; lastKnownFileType = sourcecode.c.objc; path = FFXCVariantGroup.m; sourceTree = "<group>"; };
		07EAC09018F0B40A00EB316F /* FFXCVersionGroup.h */ = {isa = PBXFileReference; fileEncoding = 4; lastKnownFileType = sourcecode.c.h; path = FFXCVersionGroup.h; sourceTree = "<group>"; };
		07EAC09118F0B40A00EB316F /* FFXCVersionGroup.m */ = {isa = PBXFileReference; fileEncoding = 4; lastKnownFileType = sourcecode.c.objc; path = FFXCVersionGroup.m; sourceTree = "<group>"; };
		07EAC09318F0B40A00EB316F /* FFXCBuildFile.h */ = {isa = PBXFileReference; fileEncoding = 4; lastKnownFileType = sourcecode.c.h; path = FFXCBuildFile.h; sourceTree = "<group>"; };
		07EAC09418F0B40A00EB316F /* FFXCBuildFile.m */ = {isa = PBXFileReference; fileEncoding = 4; lastKnownFileType = sourcecode.c.objc; path = FFXCBuildFile.m; sourceTree = "<group>"; };
		07EAC09518F0B40A00EB316F /* FFXCContainerItemProxy.h */ = {isa = PBXFileReference; fileEncoding = 4; lastKnownFileType = sourcecode.c.h; path = FFXCContainerItemProxy.h; sourceTree = "<group>"; };
		07EAC09618F0B40A00EB316F /* FFXCContainerItemProxy.m */ = {isa = PBXFileReference; fileEncoding = 4; lastKnownFileType = sourcecode.c.objc; path = FFXCContainerItemProxy.m; sourceTree = "<group>"; };
		07EAC09718F0B40A00EB316F /* FFXCOthers.h */ = {isa = PBXFileReference; fileEncoding = 4; lastKnownFileType = sourcecode.c.h; path = FFXCOthers.h; sourceTree = "<group>"; };
		07EAC09818F0B40A00EB316F /* FFXCTargetDependency.h */ = {isa = PBXFileReference; fileEncoding = 4; lastKnownFileType = sourcecode.c.h; path = FFXCTargetDependency.h; sourceTree = "<group>"; };
		07EAC09918F0B40A00EB316F /* FFXCTargetDependency.m */ = {isa = PBXFileReference; fileEncoding = 4; lastKnownFileType = sourcecode.c.objc; path = FFXCTargetDependency.m; sourceTree = "<group>"; };
		07EAC09A18F0B40A00EB316F /* FFXCObject.h */ = {isa = PBXFileReference; fileEncoding = 4; lastKnownFileType = sourcecode.c.h; path = FFXCObject.h; sourceTree = "<group>"; };
		07EAC09B18F0B40A00EB316F /* FFXCObject.m */ = {isa = PBXFileReference; fileEncoding = 4; lastKnownFileType = sourcecode.c.objc; path = FFXCObject.m; sourceTree = "<group>"; };
		07EAC09C18F0B40A00EB316F /* FFXCObject+ClassFactory.h */ = {isa = PBXFileReference; fileEncoding = 4; lastKnownFileType = sourcecode.c.h; path = "FFXCObject+ClassFactory.h"; sourceTree = "<group>"; };
		07EAC09D18F0B40A00EB316F /* FFXCObject+ClassFactory.m */ = {isa = PBXFileReference; fileEncoding = 4; lastKnownFileType = sourcecode.c.objc; path = "FFXCObject+ClassFactory.m"; sourceTree = "<group>"; };
		07EAC09E18F0B40A00EB316F /* FFXCObject+PrivateMethods.h */ = {isa = PBXFileReference; fileEncoding = 4; lastKnownFileType = sourcecode.c.h; path = "FFXCObject+PrivateMethods.h"; sourceTree = "<group>"; };
		07EAC09F18F0B40A00EB316F /* FFXCObject+PrivateMethods.m */ = {isa = PBXFileReference; fileEncoding = 4; lastKnownFileType = sourcecode.c.objc; path = "FFXCObject+PrivateMethods.m"; sourceTree = "<group>"; };
		07EAC0A018F0B40A00EB316F /* FFXCObjects.h */ = {isa = PBXFileReference; fileEncoding = 4; lastKnownFileType = sourcecode.c.h; path = FFXCObjects.h; sourceTree = "<group>"; };
		07EAC0A118F0B40A00EB316F /* FFXCObjectsManager.h */ = {isa = PBXFileReference; fileEncoding = 4; lastKnownFileType = sourcecode.c.h; path = FFXCObjectsManager.h; sourceTree = "<group>"; };
		07EAC0A218F0B40A00EB316F /* FFXCObjectsManager.m */ = {isa = PBXFileReference; fileEncoding = 4; lastKnownFileType = sourcecode.c.objc; path = FFXCObjectsManager.m; sourceTree = "<group>"; };
		07EAC0A318F0B40A00EB316F /* FFXcodeProjectManager.h */ = {isa = PBXFileReference; fileEncoding = 4; lastKnownFileType = sourcecode.c.h; path = FFXcodeProjectManager.h; sourceTree = "<group>"; };
		07EAC0A418F0B40A00EB316F /* FFXCProjectFile.h */ = {isa = PBXFileReference; fileEncoding = 4; lastKnownFileType = sourcecode.c.h; path = FFXCProjectFile.h; sourceTree = "<group>"; };
		07EAC0A518F0B40A00EB316F /* FFXCProjectFile.m */ = {isa = PBXFileReference; fileEncoding = 4; lastKnownFileType = sourcecode.c.objc; path = FFXCProjectFile.m; sourceTree = "<group>"; };
		07EAC0A618F0B40A00EB316F /* FFXCProjectUIDGenerator.h */ = {isa = PBXFileReference; fileEncoding = 4; lastKnownFileType = sourcecode.c.h; path = FFXCProjectUIDGenerator.h; sourceTree = "<group>"; };
		07EAC0A718F0B40A00EB316F /* FFXCProjectUIDGenerator.m */ = {isa = PBXFileReference; fileEncoding = 4; lastKnownFileType = sourcecode.c.objc; path = FFXCProjectUIDGenerator.m; sourceTree = "<group>"; };
		07F1BD611881DA0500D96872 /* FFXcodeProjectManager Sample.app */ = {isa = PBXFileReference; explicitFileType = wrapper.application; includeInIndex = 0; path = "FFXcodeProjectManager Sample.app"; sourceTree = BUILT_PRODUCTS_DIR; };
		07F1BD641881DA0500D96872 /* Cocoa.framework */ = {isa = PBXFileReference; lastKnownFileType = wrapper.framework; name = Cocoa.framework; path = System/Library/Frameworks/Cocoa.framework; sourceTree = SDKROOT; };
		07F1BD671881DA0500D96872 /* AppKit.framework */ = {isa = PBXFileReference; lastKnownFileType = wrapper.framework; name = AppKit.framework; path = System/Library/Frameworks/AppKit.framework; sourceTree = SDKROOT; };
		07F1BD681881DA0500D96872 /* CoreData.framework */ = {isa = PBXFileReference; lastKnownFileType = wrapper.framework; name = CoreData.framework; path = System/Library/Frameworks/CoreData.framework; sourceTree = SDKROOT; };
		07F1BD691881DA0500D96872 /* Foundation.framework */ = {isa = PBXFileReference; lastKnownFileType = wrapper.framework; name = Foundation.framework; path = System/Library/Frameworks/Foundation.framework; sourceTree = SDKROOT; };
		07F1BD6C1881DA0500D96872 /* FFXcodeProjectManager Sample-Info.plist */ = {isa = PBXFileReference; lastKnownFileType = text.plist.xml; path = "FFXcodeProjectManager Sample-Info.plist"; sourceTree = "<group>"; };
		07F1BD6E1881DA0500D96872 /* en */ = {isa = PBXFileReference; lastKnownFileType = text.plist.strings; name = en; path = en.lproj/InfoPlist.strings; sourceTree = "<group>"; };
		07F1BD701881DA0500D96872 /* main.m */ = {isa = PBXFileReference; lastKnownFileType = sourcecode.c.objc; lineEnding = 0; path = main.m; sourceTree = "<group>"; xcLanguageSpecificationIdentifier = xcode.lang.objc; };
		07F1BD721881DA0500D96872 /* FFXcodeProjectManager Sample-Prefix.pch */ = {isa = PBXFileReference; lastKnownFileType = sourcecode.c.h; path = "FFXcodeProjectManager Sample-Prefix.pch"; sourceTree = "<group>"; };
		07F1BD741881DA0500D96872 /* en */ = {isa = PBXFileReference; lastKnownFileType = text.rtf; name = en; path = en.lproj/Credits.rtf; sourceTree = "<group>"; };
		07F1BD761881DA0500D96872 /* FFAppDelegate.h */ = {isa = PBXFileReference; lastKnownFileType = sourcecode.c.h; lineEnding = 0; path = FFAppDelegate.h; sourceTree = "<group>"; xcLanguageSpecificationIdentifier = xcode.lang.objcpp; };
		07F1BD771881DA0500D96872 /* FFAppDelegate.m */ = {isa = PBXFileReference; lastKnownFileType = sourcecode.c.objc; lineEnding = 0; path = FFAppDelegate.m; sourceTree = "<group>"; xcLanguageSpecificationIdentifier = xcode.lang.objc; };
		07F1BD7A1881DA0500D96872 /* Base */ = {isa = PBXFileReference; lastKnownFileType = file.xib; name = Base; path = Base.lproj/MainMenu.xib; sourceTree = "<group>"; };
		07F1BD7C1881DA0500D96872 /* Images.xcassets */ = {isa = PBXFileReference; lastKnownFileType = folder.assetcatalog; path = Images.xcassets; sourceTree = "<group>"; };
		07F1BD821881DA0500D96872 /* FFXcodeProjectManager SampleTests.xctest */ = {isa = PBXFileReference; explicitFileType = wrapper.cfbundle; includeInIndex = 0; path = "FFXcodeProjectManager SampleTests.xctest"; sourceTree = BUILT_PRODUCTS_DIR; };
		07F1BD831881DA0500D96872 /* XCTest.framework */ = {isa = PBXFileReference; lastKnownFileType = wrapper.framework; name = XCTest.framework; path = Library/Frameworks/XCTest.framework; sourceTree = DEVELOPER_DIR; };
		07F1BD8A1881DA0500D96872 /* FFXcodeProjectManager SampleTests-Info.plist */ = {isa = PBXFileReference; lastKnownFileType = text.plist.xml; path = "FFXcodeProjectManager SampleTests-Info.plist"; sourceTree = "<group>"; };
		07F1BD8C1881DA0500D96872 /* en */ = {isa = PBXFileReference; lastKnownFileType = text.plist.strings; name = en; path = en.lproj/InfoPlist.strings; sourceTree = "<group>"; };
		07F1BD8E1881DA0500D96872 /* FFXcodeProjectManager_SampleTests.m */ = {isa = PBXFileReference; lastKnownFileType = sourcecode.c.objc; lineEnding = 0; path = FFXcodeProjectManager_SampleTests.m; sourceTree = "<group>"; xcLanguageSpecificationIdentifier = xcode.lang.objc; };
/* End PBXFileReference section */

/* Begin PBXFrameworksBuildPhase section */
		07E0CAAF18DDFD230034F69E /* Frameworks */ = {
			isa = PBXFrameworksBuildPhase;
			buildActionMask = 2147483647;
			files = (
				07E0CAB418DDFD230034F69E /* Cocoa.framework in Frameworks */,
			);
			runOnlyForDeploymentPostprocessing = 0;
		};
		07E0CAC018DDFD230034F69E /* Frameworks */ = {
			isa = PBXFrameworksBuildPhase;
			buildActionMask = 2147483647;
			files = (
				07E0CAC818DDFD230034F69E /* FFXcodeProjectManager.framework in Frameworks */,
				07E0CAC518DDFD230034F69E /* Cocoa.framework in Frameworks */,
				07E0CAC418DDFD230034F69E /* XCTest.framework in Frameworks */,
			);
			runOnlyForDeploymentPostprocessing = 0;
		};
		07E0CBA018DF2A9E0034F69E /* Frameworks */ = {
			isa = PBXFrameworksBuildPhase;
			buildActionMask = 2147483647;
			files = (
				07E0CBA518DF2A9E0034F69E /* Foundation.framework in Frameworks */,
			);
			runOnlyForDeploymentPostprocessing = 0;
		};
		07E0CBAE18DF2A9E0034F69E /* Frameworks */ = {
			isa = PBXFrameworksBuildPhase;
			buildActionMask = 2147483647;
			files = (
				07E0CBB818DF2A9E0034F69E /* libFFXcodeProjectManager iOS.a in Frameworks */,
				07E0CBB218DF2A9E0034F69E /* XCTest.framework in Frameworks */,
				07E0CBB518DF2A9E0034F69E /* UIKit.framework in Frameworks */,
				07E0CBB318DF2A9E0034F69E /* Foundation.framework in Frameworks */,
			);
			runOnlyForDeploymentPostprocessing = 0;
		};
		07F1BD5E1881DA0500D96872 /* Frameworks */ = {
			isa = PBXFrameworksBuildPhase;
			buildActionMask = 2147483647;
			files = (
				07E0CB4518DDFEFB0034F69E /* FFXcodeProjectManager.framework in Frameworks */,
				07F1BD651881DA0500D96872 /* Cocoa.framework in Frameworks */,
			);
			runOnlyForDeploymentPostprocessing = 0;
		};
		07F1BD7F1881DA0500D96872 /* Frameworks */ = {
			isa = PBXFrameworksBuildPhase;
			buildActionMask = 2147483647;
			files = (
				07F1BD851881DA0500D96872 /* Cocoa.framework in Frameworks */,
				07F1BD841881DA0500D96872 /* XCTest.framework in Frameworks */,
			);
			runOnlyForDeploymentPostprocessing = 0;
		};
/* End PBXFrameworksBuildPhase section */

/* Begin PBXGroup section */
		07E0CAB518DDFD230034F69E /* FFXcodeProjectManager */ = {
			isa = PBXGroup;
			children = (
				07EAC05118F0B40A00EB316F /* Build Phases */,
				07EAC06418F0B40A00EB316F /* ConfigurableObjects */,
				07EAC07418F0B40A00EB316F /* Configurations */,
				07EAC07D18F0B40A00EB316F /* Files */,
				07EAC08A18F0B40A00EB316F /* Groups */,
				07EAC09218F0B40A00EB316F /* Others */,
				07EAC0F218F0B54D00EB316F /* FFXCObject */,
				07EAC0A118F0B40A00EB316F /* FFXCObjectsManager.h */,
				07EAC0A218F0B40A00EB316F /* FFXCObjectsManager.m */,
				07EAC0A418F0B40A00EB316F /* FFXCProjectFile.h */,
				07EAC0A518F0B40A00EB316F /* FFXCProjectFile.m */,
				07EAC0A618F0B40A00EB316F /* FFXCProjectUIDGenerator.h */,
				07EAC0A718F0B40A00EB316F /* FFXCProjectUIDGenerator.m */,
				07EAC0A318F0B40A00EB316F /* FFXcodeProjectManager.h */,
				07E0CAB618DDFD230034F69E /* Supporting Files */,
			);
			path = FFXcodeProjectManager;
			sourceTree = "<group>";
		};
		07E0CAB618DDFD230034F69E /* Supporting Files */ = {
			isa = PBXGroup;
			children = (
				07E0CAB718DDFD230034F69E /* FFXcodeProjectManager-Info.plist */,
				07E0CAB818DDFD230034F69E /* InfoPlist.strings */,
				07E0CABB18DDFD230034F69E /* FFXcodeProjectManager-Prefix.pch */,
			);
			name = "Supporting Files";
			sourceTree = "<group>";
		};
		07E0CAC918DDFD230034F69E /* FFXcodeProjectManagerTests */ = {
			isa = PBXGroup;
			children = (
				07E0CACF18DDFD230034F69E /* FFXcodeProjectManagerTests.m */,
				07E0CACA18DDFD230034F69E /* Supporting Files */,
			);
			path = FFXcodeProjectManagerTests;
			sourceTree = "<group>";
		};
		07E0CACA18DDFD230034F69E /* Supporting Files */ = {
			isa = PBXGroup;
			children = (
				07E0CACB18DDFD230034F69E /* FFXcodeProjectManagerTests-Info.plist */,
				07E0CACC18DDFD230034F69E /* InfoPlist.strings */,
			);
			name = "Supporting Files";
			sourceTree = "<group>";
		};
		07E0CBA618DF2A9E0034F69E /* FFXcodeProjectManager iOS */ = {
			isa = PBXGroup;
			children = (
				07E0CABC18DDFD230034F69E /* FFXcodeProjectManager.h */,
				07E0CBA718DF2A9E0034F69E /* Supporting Files */,
			);
			path = "FFXcodeProjectManager iOS";
			sourceTree = "<group>";
		};
		07E0CBA718DF2A9E0034F69E /* Supporting Files */ = {
			isa = PBXGroup;
			children = (
				07E0CBA818DF2A9E0034F69E /* FFXcodeProjectManager iOS-Prefix.pch */,
			);
			name = "Supporting Files";
			sourceTree = "<group>";
		};
		07E0CBB918DF2A9E0034F69E /* FFXcodeProjectManager iOSTests */ = {
			isa = PBXGroup;
			children = (
				07E0CBBF18DF2A9E0034F69E /* FFXcodeProjectManager_iOSTests.m */,
				07E0CBBA18DF2A9E0034F69E /* Supporting Files */,
			);
			path = "FFXcodeProjectManager iOSTests";
			sourceTree = "<group>";
		};
		07E0CBBA18DF2A9E0034F69E /* Supporting Files */ = {
			isa = PBXGroup;
			children = (
				07E0CBBB18DF2A9E0034F69E /* FFXcodeProjectManager iOSTests-Info.plist */,
				07E0CBBC18DF2A9E0034F69E /* InfoPlist.strings */,
			);
			name = "Supporting Files";
			sourceTree = "<group>";
		};
		07E0CBFF18DF55640034F69E /* iOS */ = {
			isa = PBXGroup;
			children = (
				07E0CBA618DF2A9E0034F69E /* FFXcodeProjectManager iOS */,
				07E0CC0218DF557D0034F69E /* Tests */,
			);
			name = iOS;
			sourceTree = "<group>";
		};
		07E0CC0018DF556D0034F69E /* OS X */ = {
			isa = PBXGroup;
			children = (
				07F1BD6A1881DA0500D96872 /* FFXcodeProjectManager Sample */,
				07E0CAB518DDFD230034F69E /* FFXcodeProjectManager */,
				07E0CC0118DF55740034F69E /* Tests */,
			);
			name = "OS X";
			sourceTree = "<group>";
		};
		07E0CC0118DF55740034F69E /* Tests */ = {
			isa = PBXGroup;
			children = (
				07F1BD881881DA0500D96872 /* FFXcodeProjectManager SampleTests */,
				07E0CAC918DDFD230034F69E /* FFXcodeProjectManagerTests */,
			);
			name = Tests;
			sourceTree = "<group>";
		};
		07E0CC0218DF557D0034F69E /* Tests */ = {
			isa = PBXGroup;
			children = (
				07E0CBB918DF2A9E0034F69E /* FFXcodeProjectManager iOSTests */,
			);
			name = Tests;
			sourceTree = "<group>";
		};
		07EAC05118F0B40A00EB316F /* Build Phases */ = {
			isa = PBXGroup;
			children = (
				07EAC05218F0B40A00EB316F /* Abstract */,
				07EAC05718F0B40A00EB316F /* FFXCBuildPhases.h */,
				07EAC05818F0B40A00EB316F /* FFXCCopyFilesBuildPhase.h */,
				07EAC05918F0B40A00EB316F /* FFXCCopyFilesBuildPhase.m */,
				07EAC05A18F0B40A00EB316F /* FFXCFrameworksBuildPhase.h */,
				07EAC05B18F0B40A00EB316F /* FFXCFrameworksBuildPhase.m */,
				07EAC05C18F0B40A00EB316F /* FFXCHeadersBuildPhase.h */,
				07EAC05D18F0B40A00EB316F /* FFXCHeadersBuildPhase.m */,
				07EAC05E18F0B40A00EB316F /* FFXCResourcesBuildPhase.h */,
				07EAC05F18F0B40A00EB316F /* FFXCResourcesBuildPhase.m */,
				07EAC06018F0B40A00EB316F /* FFXCShellScriptBuildPhase.h */,
				07EAC06118F0B40A00EB316F /* FFXCShellScriptBuildPhase.m */,
				07EAC06218F0B40A00EB316F /* FFXCSourcesBuildPhase.h */,
				07EAC06318F0B40A00EB316F /* FFXCSourcesBuildPhase.m */,
			);
			path = "Build Phases";
			sourceTree = "<group>";
		};
		07EAC05218F0B40A00EB316F /* Abstract */ = {
			isa = PBXGroup;
			children = (
				07EAC05318F0B40A00EB316F /* FFXCBuildPhase.h */,
				07EAC05418F0B40A00EB316F /* FFXCBuildPhase.m */,
				07EAC05518F0B40A00EB316F /* FFXCNamedBuildPhase.h */,
				07EAC05618F0B40A00EB316F /* FFXCNamedBuildPhase.m */,
			);
			path = Abstract;
			sourceTree = "<group>";
		};
		07EAC06418F0B40A00EB316F /* ConfigurableObjects */ = {
			isa = PBXGroup;
			children = (
				07EAC06518F0B40A00EB316F /* Abstract */,
				07EAC06818F0B40A00EB316F /* FFXCConfigurableObjects.h */,
				07EAC06918F0B40A00EB316F /* FFXCProject.h */,
				07EAC06A18F0B40A00EB316F /* FFXCProject.m */,
				07EAC06B18F0B40A00EB316F /* Targets */,
			);
			path = ConfigurableObjects;
			sourceTree = "<group>";
		};
		07EAC06518F0B40A00EB316F /* Abstract */ = {
			isa = PBXGroup;
			children = (
				07EAC06618F0B40A00EB316F /* FFXCConfigurableObject.h */,
				07EAC06718F0B40A00EB316F /* FFXCConfigurableObject.m */,
			);
			path = Abstract;
			sourceTree = "<group>";
		};
		07EAC06B18F0B40A00EB316F /* Targets */ = {
			isa = PBXGroup;
			children = (
				07EAC06C18F0B40A00EB316F /* Abstract */,
				07EAC07318F0B40A00EB316F /* FFXCTargets.h */,
				07EAC06F18F0B40A00EB316F /* FFXCAggregateTarget.h */,
				07EAC07018F0B40A00EB316F /* FFXCAggregateTarget.m */,
				07EAC07118F0B40A00EB316F /* FFXCNativeTarget.h */,
				07EAC07218F0B40A00EB316F /* FFXCNativeTarget.m */,
			);
			path = Targets;
			sourceTree = "<group>";
		};
		07EAC06C18F0B40A00EB316F /* Abstract */ = {
			isa = PBXGroup;
			children = (
				07EAC06D18F0B40A00EB316F /* FFXCTarget.h */,
				07EAC06E18F0B40A00EB316F /* FFXCTarget.m */,
			);
			path = Abstract;
			sourceTree = "<group>";
		};
		07EAC07418F0B40A00EB316F /* Configurations */ = {
			isa = PBXGroup;
			children = (
				07EAC07918F0B40A00EB316F /* FFXCConfigurations.h */,
				07EAC07518F0B40A00EB316F /* FFXCBuildConfiguration.h */,
				07EAC07618F0B40A00EB316F /* FFXCBuildConfiguration.m */,
				07EAC07718F0B40A00EB316F /* FFXCConfigurationList.h */,
				07EAC07818F0B40A00EB316F /* FFXCConfigurationList.m */,
			);
			path = Configurations;
			sourceTree = "<group>";
		};
		07EAC07D18F0B40A00EB316F /* Files */ = {
			isa = PBXGroup;
			children = (
				07EAC07E18F0B40A00EB316F /* Abstract */,
				07EAC08318F0B40A00EB316F /* FFXCFiles.h */,
				07EAC08118F0B40A00EB316F /* FFXCExplicitFileReference.h */,
				07EAC08218F0B40A00EB316F /* FFXCExplicitFileReference.m */,
				07EAC08418F0B40A00EB316F /* FFXCKnownFileReference.h */,
				07EAC08518F0B40A00EB316F /* FFXCKnownFileReference.m */,
				07EAC08618F0B40A00EB316F /* FFXCNamedFileReference.h */,
				07EAC08718F0B40A00EB316F /* FFXCNamedFileReference.m */,
				07EAC08818F0B40A00EB316F /* FFXCReferenceProxy.h */,
				07EAC08918F0B40A00EB316F /* FFXCReferenceProxy.m */,
			);
			path = Files;
			sourceTree = "<group>";
		};
		07EAC07E18F0B40A00EB316F /* Abstract */ = {
			isa = PBXGroup;
			children = (
				07EAC07F18F0B40A00EB316F /* FFXCFileObject.h */,
				07EAC08018F0B40A00EB316F /* FFXCFileObject.m */,
			);
			path = Abstract;
			sourceTree = "<group>";
		};
		07EAC08A18F0B40A00EB316F /* Groups */ = {
			isa = PBXGroup;
			children = (
				07EAC08D18F0B40A00EB316F /* FFXCGroups.h */,
				07EAC08B18F0B40A00EB316F /* FFXCGroup.h */,
				07EAC08C18F0B40A00EB316F /* FFXCGroup.m */,
				07EAC08E18F0B40A00EB316F /* FFXCVariantGroup.h */,
				07EAC08F18F0B40A00EB316F /* FFXCVariantGroup.m */,
				07EAC09018F0B40A00EB316F /* FFXCVersionGroup.h */,
				07EAC09118F0B40A00EB316F /* FFXCVersionGroup.m */,
			);
			path = Groups;
			sourceTree = "<group>";
		};
		07EAC09218F0B40A00EB316F /* Others */ = {
			isa = PBXGroup;
			children = (
				07EAC09718F0B40A00EB316F /* FFXCOthers.h */,
				07EAC09318F0B40A00EB316F /* FFXCBuildFile.h */,
				07EAC09418F0B40A00EB316F /* FFXCBuildFile.m */,
				07EAC09518F0B40A00EB316F /* FFXCContainerItemProxy.h */,
				07EAC09618F0B40A00EB316F /* FFXCContainerItemProxy.m */,
				07EAC09818F0B40A00EB316F /* FFXCTargetDependency.h */,
				07EAC09918F0B40A00EB316F /* FFXCTargetDependency.m */,
			);
			path = Others;
			sourceTree = "<group>";
		};
		07EAC0F218F0B54D00EB316F /* FFXCObject */ = {
			isa = PBXGroup;
			children = (
				07EAC0A018F0B40A00EB316F /* FFXCObjects.h */,
				07EAC09A18F0B40A00EB316F /* FFXCObject.h */,
				07EAC09B18F0B40A00EB316F /* FFXCObject.m */,
				07EAC09C18F0B40A00EB316F /* FFXCObject+ClassFactory.h */,
				07EAC09D18F0B40A00EB316F /* FFXCObject+ClassFactory.m */,
				07EAC09E18F0B40A00EB316F /* FFXCObject+PrivateMethods.h */,
				07EAC09F18F0B40A00EB316F /* FFXCObject+PrivateMethods.m */,
			);
			name = FFXCObject;
			sourceTree = "<group>";
		};
		07F1BD581881DA0500D96872 = {
			isa = PBXGroup;
			children = (
				07E0CC0018DF556D0034F69E /* OS X */,
				07E0CBFF18DF55640034F69E /* iOS */,
				07F1BD631881DA0500D96872 /* Frameworks */,
				07F1BD621881DA0500D96872 /* Products */,
			);
			sourceTree = "<group>";
		};
		07F1BD621881DA0500D96872 /* Products */ = {
			isa = PBXGroup;
			children = (
				07F1BD611881DA0500D96872 /* FFXcodeProjectManager Sample.app */,
				07F1BD821881DA0500D96872 /* FFXcodeProjectManager SampleTests.xctest */,
				07E0CAB318DDFD230034F69E /* FFXcodeProjectManager.framework */,
				07E0CAC318DDFD230034F69E /* FFXcodeProjectManagerTests.xctest */,
				07E0CBA318DF2A9E0034F69E /* libFFXcodeProjectManager iOS.a */,
				07E0CBB118DF2A9E0034F69E /* FFXcodeProjectManager iOSTests.xctest */,
			);
			name = Products;
			sourceTree = "<group>";
		};
		07F1BD631881DA0500D96872 /* Frameworks */ = {
			isa = PBXGroup;
			children = (
				07F1BD641881DA0500D96872 /* Cocoa.framework */,
				07F1BD831881DA0500D96872 /* XCTest.framework */,
				07E0CBA418DF2A9E0034F69E /* Foundation.framework */,
				07E0CBB418DF2A9E0034F69E /* UIKit.framework */,
				07E0CBCD18DF2ADE0034F69E /* CoreGraphics.framework */,
				07F1BD661881DA0500D96872 /* Other Frameworks */,
			);
			name = Frameworks;
			sourceTree = "<group>";
		};
		07F1BD661881DA0500D96872 /* Other Frameworks */ = {
			isa = PBXGroup;
			children = (
				07F1BD671881DA0500D96872 /* AppKit.framework */,
				07F1BD681881DA0500D96872 /* CoreData.framework */,
				07F1BD691881DA0500D96872 /* Foundation.framework */,
			);
			name = "Other Frameworks";
			sourceTree = "<group>";
		};
		07F1BD6A1881DA0500D96872 /* FFXcodeProjectManager Sample */ = {
			isa = PBXGroup;
			children = (
				0733C78318DCBE4D00128571 /* FFMainViewController.h */,
				0733C78418DCBE4D00128571 /* FFMainViewController.m */,
				0733C78518DCBE4D00128571 /* FFMainViewController.xib */,
				07F1BD761881DA0500D96872 /* FFAppDelegate.h */,
				07F1BD771881DA0500D96872 /* FFAppDelegate.m */,
				07F1BD791881DA0500D96872 /* MainMenu.xib */,
				07F1BD7C1881DA0500D96872 /* Images.xcassets */,
				07F1BD6B1881DA0500D96872 /* Supporting Files */,
			);
			path = "FFXcodeProjectManager Sample";
			sourceTree = "<group>";
		};
		07F1BD6B1881DA0500D96872 /* Supporting Files */ = {
			isa = PBXGroup;
			children = (
				0767173E18904DDA00F996EF /* StyleSettings.plist */,
				07F1BD6C1881DA0500D96872 /* FFXcodeProjectManager Sample-Info.plist */,
				07F1BD6D1881DA0500D96872 /* InfoPlist.strings */,
				07F1BD701881DA0500D96872 /* main.m */,
				07F1BD721881DA0500D96872 /* FFXcodeProjectManager Sample-Prefix.pch */,
				07F1BD731881DA0500D96872 /* Credits.rtf */,
			);
			name = "Supporting Files";
			sourceTree = "<group>";
		};
		07F1BD881881DA0500D96872 /* FFXcodeProjectManager SampleTests */ = {
			isa = PBXGroup;
			children = (
				07F1BD8E1881DA0500D96872 /* FFXcodeProjectManager_SampleTests.m */,
				07F1BD891881DA0500D96872 /* Supporting Files */,
			);
			path = "FFXcodeProjectManager SampleTests";
			sourceTree = "<group>";
		};
		07F1BD891881DA0500D96872 /* Supporting Files */ = {
			isa = PBXGroup;
			children = (
				07F1BD8A1881DA0500D96872 /* FFXcodeProjectManager SampleTests-Info.plist */,
				07F1BD8B1881DA0500D96872 /* InfoPlist.strings */,
			);
			name = "Supporting Files";
			sourceTree = "<group>";
		};
/* End PBXGroup section */

/* Begin PBXHeadersBuildPhase section */
		07E0CAB018DDFD230034F69E /* Headers */ = {
			isa = PBXHeadersBuildPhase;
			buildActionMask = 2147483647;
			files = (
				07EAC0D018F0B40A00EB316F /* FFXCKnownFileReference.h in Headers */,
				07EAC0DF18F0B40A00EB316F /* FFXCContainerItemProxy.h in Headers */,
				07EAC0CB18F0B40A00EB316F /* FFXCFileObject.h in Headers */,
				07EAC0AC18F0B40A00EB316F /* FFXCBuildPhases.h in Headers */,
				07EAC0B918F0B40A00EB316F /* FFXCConfigurableObject.h in Headers */,
				07EAC0D818F0B40A00EB316F /* FFXCGroups.h in Headers */,
				07EAC0D918F0B40A00EB316F /* FFXCVariantGroup.h in Headers */,
				07EAC0D418F0B40A00EB316F /* FFXCReferenceProxy.h in Headers */,
				07EAC0E618F0B40A00EB316F /* FFXCObject+ClassFactory.h in Headers */,
				07EAC0AD18F0B40A00EB316F /* FFXCCopyFilesBuildPhase.h in Headers */,
				07EAC0AA18F0B40A00EB316F /* FFXCNamedBuildPhase.h in Headers */,
				07EAC0EA18F0B40A00EB316F /* FFXCObjects.h in Headers */,
				07EAC0CF18F0B40A00EB316F /* FFXCFiles.h in Headers */,
				07EAC0C418F0B40A00EB316F /* FFXCTargets.h in Headers */,
				07EAC0B118F0B40A00EB316F /* FFXCHeadersBuildPhase.h in Headers */,
				07EAC0CD18F0B40A00EB316F /* FFXCExplicitFileReference.h in Headers */,
				07EAC0E218F0B40A00EB316F /* FFXCTargetDependency.h in Headers */,
				07EAC0B718F0B40A00EB316F /* FFXCSourcesBuildPhase.h in Headers */,
				07EAC0EB18F0B40A00EB316F /* FFXCObjectsManager.h in Headers */,
				07EAC0BB18F0B40A00EB316F /* FFXCConfigurableObjects.h in Headers */,
				07EAC0D618F0B40A00EB316F /* FFXCGroup.h in Headers */,
				07EAC0ED18F0B40A00EB316F /* FFXcodeProjectManager.h in Headers */,
				07EAC0B318F0B40A00EB316F /* FFXCResourcesBuildPhase.h in Headers */,
				07EAC0C218F0B40A00EB316F /* FFXCNativeTarget.h in Headers */,
				07EAC0E818F0B40A00EB316F /* FFXCObject+PrivateMethods.h in Headers */,
				07EAC0DD18F0B40A00EB316F /* FFXCBuildFile.h in Headers */,
				07EAC0AF18F0B40A00EB316F /* FFXCFrameworksBuildPhase.h in Headers */,
				07EAC0C918F0B40A00EB316F /* FFXCConfigurations.h in Headers */,
				07EAC0BC18F0B40A00EB316F /* FFXCProject.h in Headers */,
				07EAC0EE18F0B40A00EB316F /* FFXCProjectFile.h in Headers */,
				07EAC0E418F0B40A00EB316F /* FFXCObject.h in Headers */,
				07EAC0F018F0B40A00EB316F /* FFXCProjectUIDGenerator.h in Headers */,
				07EAC0D218F0B40A00EB316F /* FFXCNamedFileReference.h in Headers */,
				07EAC0C518F0B40A00EB316F /* FFXCBuildConfiguration.h in Headers */,
				07EAC0DB18F0B40A00EB316F /* FFXCVersionGroup.h in Headers */,
				07EAC0C018F0B40A00EB316F /* FFXCAggregateTarget.h in Headers */,
				07EAC0C718F0B40A00EB316F /* FFXCConfigurationList.h in Headers */,
				07EAC0BE18F0B40A00EB316F /* FFXCTarget.h in Headers */,
				07EAC0B518F0B40A00EB316F /* FFXCShellScriptBuildPhase.h in Headers */,
				07EAC0E118F0B40A00EB316F /* FFXCOthers.h in Headers */,
				07EAC0A818F0B40A00EB316F /* FFXCBuildPhase.h in Headers */,
			);
			runOnlyForDeploymentPostprocessing = 0;
		};
/* End PBXHeadersBuildPhase section */

/* Begin PBXNativeTarget section */
		07E0CAB218DDFD230034F69E /* FFXcodeProjectManager */ = {
			isa = PBXNativeTarget;
			buildConfigurationList = 07E0CAD518DDFD230034F69E /* Build configuration list for PBXNativeTarget "FFXcodeProjectManager" */;
			buildPhases = (
				07E0CAAE18DDFD230034F69E /* Sources */,
				07E0CAAF18DDFD230034F69E /* Frameworks */,
				07E0CAB018DDFD230034F69E /* Headers */,
				07E0CAB118DDFD230034F69E /* Resources */,
			);
			buildRules = (
			);
			dependencies = (
			);
			name = FFXcodeProjectManager;
			productName = FFXcodeProjectManager;
			productReference = 07E0CAB318DDFD230034F69E /* FFXcodeProjectManager.framework */;
			productType = "com.apple.product-type.framework";
		};
		07E0CAC218DDFD230034F69E /* FFXcodeProjectManagerTests */ = {
			isa = PBXNativeTarget;
			buildConfigurationList = 07E0CAD618DDFD230034F69E /* Build configuration list for PBXNativeTarget "FFXcodeProjectManagerTests" */;
			buildPhases = (
				07E0CABF18DDFD230034F69E /* Sources */,
				07E0CAC018DDFD230034F69E /* Frameworks */,
				07E0CAC118DDFD230034F69E /* Resources */,
			);
			buildRules = (
			);
			dependencies = (
				07E0CAC718DDFD230034F69E /* PBXTargetDependency */,
			);
			name = FFXcodeProjectManagerTests;
			productName = FFXcodeProjectManagerTests;
			productReference = 07E0CAC318DDFD230034F69E /* FFXcodeProjectManagerTests.xctest */;
			productType = "com.apple.product-type.bundle.unit-test";
		};
		07E0CBA218DF2A9E0034F69E /* FFXcodeProjectManager iOS */ = {
			isa = PBXNativeTarget;
			buildConfigurationList = 07E0CBC118DF2A9E0034F69E /* Build configuration list for PBXNativeTarget "FFXcodeProjectManager iOS" */;
			buildPhases = (
				07E0CB9F18DF2A9E0034F69E /* Sources */,
				07E0CBA018DF2A9E0034F69E /* Frameworks */,
				07E0CBA118DF2A9E0034F69E /* CopyFiles */,
			);
			buildRules = (
			);
			dependencies = (
			);
			name = "FFXcodeProjectManager iOS";
			productName = "FFXcodeProjectManager iOS";
			productReference = 07E0CBA318DF2A9E0034F69E /* libFFXcodeProjectManager iOS.a */;
			productType = "com.apple.product-type.library.static";
		};
		07E0CBB018DF2A9E0034F69E /* FFXcodeProjectManager iOSTests */ = {
			isa = PBXNativeTarget;
			buildConfigurationList = 07E0CBC418DF2A9E0034F69E /* Build configuration list for PBXNativeTarget "FFXcodeProjectManager iOSTests" */;
			buildPhases = (
				07E0CBAD18DF2A9E0034F69E /* Sources */,
				07E0CBAE18DF2A9E0034F69E /* Frameworks */,
				07E0CBAF18DF2A9E0034F69E /* Resources */,
			);
			buildRules = (
			);
			dependencies = (
				07E0CBB718DF2A9E0034F69E /* PBXTargetDependency */,
			);
			name = "FFXcodeProjectManager iOSTests";
			productName = "FFXcodeProjectManager iOSTests";
			productReference = 07E0CBB118DF2A9E0034F69E /* FFXcodeProjectManager iOSTests.xctest */;
			productType = "com.apple.product-type.bundle.unit-test";
		};
		07F1BD601881DA0500D96872 /* FFXcodeProjectManager Sample */ = {
			isa = PBXNativeTarget;
			buildConfigurationList = 07F1BD921881DA0500D96872 /* Build configuration list for PBXNativeTarget "FFXcodeProjectManager Sample" */;
			buildPhases = (
				07F1BD5D1881DA0500D96872 /* Sources */,
				07F1BD5E1881DA0500D96872 /* Frameworks */,
				07F1BD5F1881DA0500D96872 /* Resources */,
				OBJCLEANCUSTOMRUNSCRIPTT /* Objective-Clean Run Script */,
			);
			buildRules = (
			);
			dependencies = (
				07E0CB4418DDFEE70034F69E /* PBXTargetDependency */,
			);
			name = "FFXcodeProjectManager Sample";
			productName = "FFXcodeProjectManager Sample";
			productReference = 07F1BD611881DA0500D96872 /* FFXcodeProjectManager Sample.app */;
			productType = "com.apple.product-type.application";
		};
		07F1BD811881DA0500D96872 /* FFXcodeProjectManager SampleTests */ = {
			isa = PBXNativeTarget;
			buildConfigurationList = 07F1BD951881DA0500D96872 /* Build configuration list for PBXNativeTarget "FFXcodeProjectManager SampleTests" */;
			buildPhases = (
				07F1BD7E1881DA0500D96872 /* Sources */,
				07F1BD7F1881DA0500D96872 /* Frameworks */,
				07F1BD801881DA0500D96872 /* Resources */,
			);
			buildRules = (
			);
			dependencies = (
				07F1BD871881DA0500D96872 /* PBXTargetDependency */,
			);
			name = "FFXcodeProjectManager SampleTests";
			productName = "FFXcodeProjectManager SampleTests";
			productReference = 07F1BD821881DA0500D96872 /* FFXcodeProjectManager SampleTests.xctest */;
			productType = "com.apple.product-type.bundle.unit-test";
		};
/* End PBXNativeTarget section */

/* Begin PBXProject section */
		07F1BD591881DA0500D96872 /* Project object */ = {
			isa = PBXProject;
			attributes = {
				CLASSPREFIX = FF;
				LastUpgradeCheck = 0500;
				ORGANIZATIONNAME = "Florian Friedrich";
				TargetAttributes = {
					07E0CAC218DDFD230034F69E = {
						TestTargetID = 07F1BD601881DA0500D96872;
					};
					07E0CBB018DF2A9E0034F69E = {
						TestTargetID = 07F1BD601881DA0500D96872;
					};
					07F1BD811881DA0500D96872 = {
						TestTargetID = 07F1BD601881DA0500D96872;
					};
				};
			};
			buildConfigurationList = 07F1BD5C1881DA0500D96872 /* Build configuration list for PBXProject "FFXcodeProjectManager" */;
			compatibilityVersion = "Xcode 3.2";
			developmentRegion = English;
			hasScannedForEncodings = 0;
			knownRegions = (
				en,
				Base,
			);
			mainGroup = 07F1BD581881DA0500D96872;
			productRefGroup = 07F1BD621881DA0500D96872 /* Products */;
			projectDirPath = "";
			projectRoot = "";
			targets = (
				07F1BD601881DA0500D96872 /* FFXcodeProjectManager Sample */,
				07F1BD811881DA0500D96872 /* FFXcodeProjectManager SampleTests */,
				07E0CAB218DDFD230034F69E /* FFXcodeProjectManager */,
				07E0CAC218DDFD230034F69E /* FFXcodeProjectManagerTests */,
				07E0CBA218DF2A9E0034F69E /* FFXcodeProjectManager iOS */,
				07E0CBB018DF2A9E0034F69E /* FFXcodeProjectManager iOSTests */,
			);
		};
/* End PBXProject section */

/* Begin PBXResourcesBuildPhase section */
		07E0CAB118DDFD230034F69E /* Resources */ = {
			isa = PBXResourcesBuildPhase;
			buildActionMask = 2147483647;
			files = (
				07E0CABA18DDFD230034F69E /* InfoPlist.strings in Resources */,
			);
			runOnlyForDeploymentPostprocessing = 0;
		};
		07E0CAC118DDFD230034F69E /* Resources */ = {
			isa = PBXResourcesBuildPhase;
			buildActionMask = 2147483647;
			files = (
				07E0CACE18DDFD230034F69E /* InfoPlist.strings in Resources */,
			);
			runOnlyForDeploymentPostprocessing = 0;
		};
		07E0CBAF18DF2A9E0034F69E /* Resources */ = {
			isa = PBXResourcesBuildPhase;
			buildActionMask = 2147483647;
			files = (
				07E0CBBE18DF2A9E0034F69E /* InfoPlist.strings in Resources */,
			);
			runOnlyForDeploymentPostprocessing = 0;
		};
		07F1BD5F1881DA0500D96872 /* Resources */ = {
			isa = PBXResourcesBuildPhase;
			buildActionMask = 2147483647;
			files = (
				07F1BD6F1881DA0500D96872 /* InfoPlist.strings in Resources */,
				0733C78718DCBE4D00128571 /* FFMainViewController.xib in Resources */,
				0767173F18904DDA00F996EF /* StyleSettings.plist in Resources */,
				07F1BD7D1881DA0500D96872 /* Images.xcassets in Resources */,
				07F1BD751881DA0500D96872 /* Credits.rtf in Resources */,
				07F1BD7B1881DA0500D96872 /* MainMenu.xib in Resources */,
			);
			runOnlyForDeploymentPostprocessing = 0;
		};
		07F1BD801881DA0500D96872 /* Resources */ = {
			isa = PBXResourcesBuildPhase;
			buildActionMask = 2147483647;
			files = (
				07F1BD8D1881DA0500D96872 /* InfoPlist.strings in Resources */,
				07E0CB4818DE5ED40034F69E /* FFMainViewController.xib in Resources */,
				0767174018904DDA00F996EF /* StyleSettings.plist in Resources */,
				07E0CB4918DE5ED80034F69E /* MainMenu.xib in Resources */,
			);
			runOnlyForDeploymentPostprocessing = 0;
		};
/* End PBXResourcesBuildPhase section */

/* Begin PBXShellScriptBuildPhase section */
		OBJCLEANCUSTOMRUNSCRIPTT /* Objective-Clean Run Script */ = {
			isa = PBXShellScriptBuildPhase;
			buildActionMask = 2147483647;
			files = (
			);
			inputPaths = (
			);
			name = "Objective-Clean Run Script";
			outputPaths = (
			);
			runOnlyForDeploymentPostprocessing = 0;
			shellPath = /bin/bash;
			shellScript = "if [[ -z ${SKIP_OBJCLEAN} || ${SKIP_OBJCLEAN} != 1 ]]; then\nif [[ -d \"${LOCAL_APPS_DIR}/Objective-Clean.app\" ]]; then \n\"${LOCAL_APPS_DIR}\"/Objective-Clean.app/Contents/Resources/ObjClean.app/Contents/MacOS/ObjClean \"${SRCROOT}\"?FFXC,FF\nelse\necho \"warning: You have to install and set up Objective-Clean to use its features!\" \nfi\nfi";
		};
/* End PBXShellScriptBuildPhase section */

/* Begin PBXSourcesBuildPhase section */
		07E0CAAE18DDFD230034F69E /* Sources */ = {
			isa = PBXSourcesBuildPhase;
			buildActionMask = 2147483647;
			files = (
				07EAC0E018F0B40A00EB316F /* FFXCContainerItemProxy.m in Sources */,
				07EAC0DA18F0B40A00EB316F /* FFXCVariantGroup.m in Sources */,
				07EAC0D118F0B40A00EB316F /* FFXCKnownFileReference.m in Sources */,
				07EAC0D318F0B40A00EB316F /* FFXCNamedFileReference.m in Sources */,
				07EAC0A918F0B40A00EB316F /* FFXCBuildPhase.m in Sources */,
				07EAC0B418F0B40A00EB316F /* FFXCResourcesBuildPhase.m in Sources */,
				07EAC0B618F0B40A00EB316F /* FFXCShellScriptBuildPhase.m in Sources */,
				07EAC0D718F0B40A00EB316F /* FFXCGroup.m in Sources */,
				07EAC0C318F0B40A00EB316F /* FFXCNativeTarget.m in Sources */,
				07EAC0AB18F0B40A00EB316F /* FFXCNamedBuildPhase.m in Sources */,
				07EAC0DE18F0B40A00EB316F /* FFXCBuildFile.m in Sources */,
				07EAC0B218F0B40A00EB316F /* FFXCHeadersBuildPhase.m in Sources */,
				07EAC0E918F0B40A00EB316F /* FFXCObject+PrivateMethods.m in Sources */,
				07EAC0C118F0B40A00EB316F /* FFXCAggregateTarget.m in Sources */,
				07EAC0E518F0B40A00EB316F /* FFXCObject.m in Sources */,
				07EAC0BA18F0B40A00EB316F /* FFXCConfigurableObject.m in Sources */,
				07EAC0C818F0B40A00EB316F /* FFXCConfigurationList.m in Sources */,
				07EAC0CC18F0B40A00EB316F /* FFXCFileObject.m in Sources */,
				07EAC0BD18F0B40A00EB316F /* FFXCProject.m in Sources */,
				07EAC0B018F0B40A00EB316F /* FFXCFrameworksBuildPhase.m in Sources */,
				07EAC0EF18F0B40A00EB316F /* FFXCProjectFile.m in Sources */,
				07EAC0C618F0B40A00EB316F /* FFXCBuildConfiguration.m in Sources */,
				07EAC0B818F0B40A00EB316F /* FFXCSourcesBuildPhase.m in Sources */,
				07EAC0BF18F0B40A00EB316F /* FFXCTarget.m in Sources */,
				07EAC0DC18F0B40A00EB316F /* FFXCVersionGroup.m in Sources */,
				07EAC0E718F0B40A00EB316F /* FFXCObject+ClassFactory.m in Sources */,
				07EAC0EC18F0B40A00EB316F /* FFXCObjectsManager.m in Sources */,
				07EAC0F118F0B40A00EB316F /* FFXCProjectUIDGenerator.m in Sources */,
				07EAC0AE18F0B40A00EB316F /* FFXCCopyFilesBuildPhase.m in Sources */,
				07EAC0CE18F0B40A00EB316F /* FFXCExplicitFileReference.m in Sources */,
				07EAC0E318F0B40A00EB316F /* FFXCTargetDependency.m in Sources */,
				07EAC0D518F0B40A00EB316F /* FFXCReferenceProxy.m in Sources */,
			);
			runOnlyForDeploymentPostprocessing = 0;
		};
		07E0CABF18DDFD230034F69E /* Sources */ = {
			isa = PBXSourcesBuildPhase;
			buildActionMask = 2147483647;
			files = (
				07E0CAD018DDFD230034F69E /* FFXcodeProjectManagerTests.m in Sources */,
			);
			runOnlyForDeploymentPostprocessing = 0;
		};
		07E0CB9F18DF2A9E0034F69E /* Sources */ = {
			isa = PBXSourcesBuildPhase;
			buildActionMask = 2147483647;
			files = (
			);
			runOnlyForDeploymentPostprocessing = 0;
		};
		07E0CBAD18DF2A9E0034F69E /* Sources */ = {
			isa = PBXSourcesBuildPhase;
			buildActionMask = 2147483647;
			files = (
				07E0CBC018DF2A9E0034F69E /* FFXcodeProjectManager_iOSTests.m in Sources */,
			);
			runOnlyForDeploymentPostprocessing = 0;
		};
		07F1BD5D1881DA0500D96872 /* Sources */ = {
			isa = PBXSourcesBuildPhase;
			buildActionMask = 2147483647;
			files = (
				07F1BD781881DA0500D96872 /* FFAppDelegate.m in Sources */,
				0733C78618DCBE4D00128571 /* FFMainViewController.m in Sources */,
				07F1BD711881DA0500D96872 /* main.m in Sources */,
			);
			runOnlyForDeploymentPostprocessing = 0;
		};
		07F1BD7E1881DA0500D96872 /* Sources */ = {
			isa = PBXSourcesBuildPhase;
			buildActionMask = 2147483647;
			files = (
				07E0CB4718DE5EC90034F69E /* FFAppDelegate.m in Sources */,
				07F1BD8F1881DA0500D96872 /* FFXcodeProjectManager_SampleTests.m in Sources */,
				07E0CB4618DE5EC50034F69E /* FFMainViewController.m in Sources */,
			);
			runOnlyForDeploymentPostprocessing = 0;
		};
/* End PBXSourcesBuildPhase section */

/* Begin PBXTargetDependency section */
		07E0CAC718DDFD230034F69E /* PBXTargetDependency */ = {
			isa = PBXTargetDependency;
			target = 07E0CAB218DDFD230034F69E /* FFXcodeProjectManager */;
			targetProxy = 07E0CAC618DDFD230034F69E /* PBXContainerItemProxy */;
		};
		07E0CB4418DDFEE70034F69E /* PBXTargetDependency */ = {
			isa = PBXTargetDependency;
			target = 07E0CAB218DDFD230034F69E /* FFXcodeProjectManager */;
			targetProxy = 07E0CB4318DDFEE70034F69E /* PBXContainerItemProxy */;
		};
		07E0CBB718DF2A9E0034F69E /* PBXTargetDependency */ = {
			isa = PBXTargetDependency;
			target = 07E0CBA218DF2A9E0034F69E /* FFXcodeProjectManager iOS */;
			targetProxy = 07E0CBB618DF2A9E0034F69E /* PBXContainerItemProxy */;
		};
		07F1BD871881DA0500D96872 /* PBXTargetDependency */ = {
			isa = PBXTargetDependency;
			target = 07F1BD601881DA0500D96872 /* FFXcodeProjectManager Sample */;
			targetProxy = 07F1BD861881DA0500D96872 /* PBXContainerItemProxy */;
		};
/* End PBXTargetDependency section */

/* Begin PBXVariantGroup section */
		07E0CAB818DDFD230034F69E /* InfoPlist.strings */ = {
			isa = PBXVariantGroup;
			children = (
				07E0CAB918DDFD230034F69E /* en */,
			);
			name = InfoPlist.strings;
			sourceTree = "<group>";
		};
		07E0CACC18DDFD230034F69E /* InfoPlist.strings */ = {
			isa = PBXVariantGroup;
			children = (
				07E0CACD18DDFD230034F69E /* en */,
			);
			name = InfoPlist.strings;
			sourceTree = "<group>";
		};
		07E0CBBC18DF2A9E0034F69E /* InfoPlist.strings */ = {
			isa = PBXVariantGroup;
			children = (
				07E0CBBD18DF2A9E0034F69E /* en */,
			);
			name = InfoPlist.strings;
			sourceTree = "<group>";
		};
		07F1BD6D1881DA0500D96872 /* InfoPlist.strings */ = {
			isa = PBXVariantGroup;
			children = (
				07F1BD6E1881DA0500D96872 /* en */,
			);
			name = InfoPlist.strings;
			sourceTree = "<group>";
		};
		07F1BD731881DA0500D96872 /* Credits.rtf */ = {
			isa = PBXVariantGroup;
			children = (
				07F1BD741881DA0500D96872 /* en */,
			);
			name = Credits.rtf;
			sourceTree = "<group>";
		};
		07F1BD791881DA0500D96872 /* MainMenu.xib */ = {
			isa = PBXVariantGroup;
			children = (
				07F1BD7A1881DA0500D96872 /* Base */,
			);
			name = MainMenu.xib;
			sourceTree = "<group>";
		};
		07F1BD8B1881DA0500D96872 /* InfoPlist.strings */ = {
			isa = PBXVariantGroup;
			children = (
				07F1BD8C1881DA0500D96872 /* en */,
			);
			name = InfoPlist.strings;
			sourceTree = "<group>";
		};
/* End PBXVariantGroup section */

/* Begin XCBuildConfiguration section */
		07E0CAD118DDFD230034F69E /* Debug */ = {
			isa = XCBuildConfiguration;
			buildSettings = {
				CLANG_ENABLE_MODULES = YES;
				COMBINE_HIDPI_IMAGES = YES;
				DYLIB_COMPATIBILITY_VERSION = 1;
				DYLIB_CURRENT_VERSION = 1;
				FRAMEWORK_VERSION = A;
				GCC_PRECOMPILE_PREFIX_HEADER = YES;
				GCC_PREFIX_HEADER = "FFXcodeProjectManager/FFXcodeProjectManager-Prefix.pch";
				GCC_PREPROCESSOR_DEFINITIONS = (
					"DEBUG=1",
					"$(inherited)",
				);
				GCC_WARN_UNINITIALIZED_AUTOS = YES_AGGRESSIVE;
				INFOPLIST_FILE = "FFXcodeProjectManager/FFXcodeProjectManager-Info.plist";
				PRODUCT_NAME = "$(TARGET_NAME)";
				WRAPPER_EXTENSION = framework;
			};
			name = Debug;
		};
		07E0CAD218DDFD230034F69E /* Release */ = {
			isa = XCBuildConfiguration;
			buildSettings = {
				CLANG_ENABLE_MODULES = YES;
				COMBINE_HIDPI_IMAGES = YES;
				DYLIB_COMPATIBILITY_VERSION = 1;
				DYLIB_CURRENT_VERSION = 1;
				FRAMEWORK_VERSION = A;
				GCC_PRECOMPILE_PREFIX_HEADER = YES;
				GCC_PREFIX_HEADER = "FFXcodeProjectManager/FFXcodeProjectManager-Prefix.pch";
				GCC_WARN_UNINITIALIZED_AUTOS = YES_AGGRESSIVE;
				INFOPLIST_FILE = "FFXcodeProjectManager/FFXcodeProjectManager-Info.plist";
				PRODUCT_NAME = "$(TARGET_NAME)";
				WRAPPER_EXTENSION = framework;
			};
			name = Release;
		};
		07E0CAD318DDFD230034F69E /* Debug */ = {
			isa = XCBuildConfiguration;
			buildSettings = {
				BUNDLE_LOADER = "$(BUILT_PRODUCTS_DIR)/FFXcodeProjectManager Sample.app/Contents/MacOS/FFXcodeProjectManager Sample";
				CLANG_ENABLE_MODULES = YES;
				COMBINE_HIDPI_IMAGES = YES;
				FRAMEWORK_SEARCH_PATHS = (
					"$(DEVELOPER_FRAMEWORKS_DIR)",
					"$(inherited)",
				);
				GCC_PRECOMPILE_PREFIX_HEADER = YES;
				GCC_PREFIX_HEADER = "FFXcodeProjectManager/FFXcodeProjectManager-Prefix.pch";
				GCC_PREPROCESSOR_DEFINITIONS = (
					"DEBUG=1",
					"$(inherited)",
				);
				GCC_WARN_UNINITIALIZED_AUTOS = YES_AGGRESSIVE;
				INFOPLIST_FILE = "FFXcodeProjectManagerTests/FFXcodeProjectManagerTests-Info.plist";
				PRODUCT_NAME = "$(TARGET_NAME)";
				TEST_HOST = "$(BUNDLE_LOADER)";
				WRAPPER_EXTENSION = xctest;
			};
			name = Debug;
		};
		07E0CAD418DDFD230034F69E /* Release */ = {
			isa = XCBuildConfiguration;
			buildSettings = {
				BUNDLE_LOADER = "$(BUILT_PRODUCTS_DIR)/FFXcodeProjectManager Sample.app/Contents/MacOS/FFXcodeProjectManager Sample";
				CLANG_ENABLE_MODULES = YES;
				COMBINE_HIDPI_IMAGES = YES;
				FRAMEWORK_SEARCH_PATHS = (
					"$(DEVELOPER_FRAMEWORKS_DIR)",
					"$(inherited)",
				);
				GCC_PRECOMPILE_PREFIX_HEADER = YES;
				GCC_PREFIX_HEADER = "FFXcodeProjectManager/FFXcodeProjectManager-Prefix.pch";
				GCC_WARN_UNINITIALIZED_AUTOS = YES_AGGRESSIVE;
				INFOPLIST_FILE = "FFXcodeProjectManagerTests/FFXcodeProjectManagerTests-Info.plist";
				PRODUCT_NAME = "$(TARGET_NAME)";
				TEST_HOST = "$(BUNDLE_LOADER)";
				WRAPPER_EXTENSION = xctest;
			};
			name = Release;
		};
		07E0CBC218DF2A9E0034F69E /* Debug */ = {
			isa = XCBuildConfiguration;
			buildSettings = {
				CLANG_ENABLE_MODULES = YES;
				DSTROOT = /tmp/FFXcodeProjectManager_iOS.dst;
				GCC_PRECOMPILE_PREFIX_HEADER = YES;
				GCC_PREFIX_HEADER = "FFXcodeProjectManager iOS/FFXcodeProjectManager iOS-Prefix.pch";
				GCC_PREPROCESSOR_DEFINITIONS = (
					"DEBUG=1",
					"$(inherited)",
				);
				GCC_WARN_UNINITIALIZED_AUTOS = YES_AGGRESSIVE;
				IPHONEOS_DEPLOYMENT_TARGET = 7.1;
				OTHER_LDFLAGS = "-ObjC";
				PRODUCT_NAME = "$(TARGET_NAME)";
				SDKROOT = iphoneos;
				SKIP_INSTALL = YES;
			};
			name = Debug;
		};
		07E0CBC318DF2A9E0034F69E /* Release */ = {
			isa = XCBuildConfiguration;
			buildSettings = {
				CLANG_ENABLE_MODULES = YES;
				DSTROOT = /tmp/FFXcodeProjectManager_iOS.dst;
				GCC_PRECOMPILE_PREFIX_HEADER = YES;
				GCC_PREFIX_HEADER = "FFXcodeProjectManager iOS/FFXcodeProjectManager iOS-Prefix.pch";
				GCC_WARN_UNINITIALIZED_AUTOS = YES_AGGRESSIVE;
				IPHONEOS_DEPLOYMENT_TARGET = 7.1;
				OTHER_LDFLAGS = "-ObjC";
				PRODUCT_NAME = "$(TARGET_NAME)";
				SDKROOT = iphoneos;
				SKIP_INSTALL = YES;
				VALIDATE_PRODUCT = YES;
			};
			name = Release;
		};
		07E0CBC518DF2A9E0034F69E /* Debug */ = {
			isa = XCBuildConfiguration;
			buildSettings = {
				BUNDLE_LOADER = "$(BUILT_PRODUCTS_DIR)/FFXcodeProjectManager Sample.app/Contents/MacOS/FFXcodeProjectManager Sample";
				CLANG_ENABLE_MODULES = YES;
				FRAMEWORK_SEARCH_PATHS = (
					"$(SDKROOT)/Developer/Library/Frameworks",
					"$(inherited)",
					"$(DEVELOPER_FRAMEWORKS_DIR)",
				);
				GCC_PRECOMPILE_PREFIX_HEADER = YES;
				GCC_PREFIX_HEADER = "FFXcodeProjectManager iOS/FFXcodeProjectManager iOS-Prefix.pch";
				GCC_PREPROCESSOR_DEFINITIONS = (
					"DEBUG=1",
					"$(inherited)",
				);
				GCC_WARN_UNINITIALIZED_AUTOS = YES_AGGRESSIVE;
				INFOPLIST_FILE = "FFXcodeProjectManager iOSTests/FFXcodeProjectManager iOSTests-Info.plist";
				IPHONEOS_DEPLOYMENT_TARGET = 7.1;
				PRODUCT_NAME = "$(TARGET_NAME)";
				SDKROOT = iphoneos;
				TEST_HOST = "$(BUNDLE_LOADER)";
				WRAPPER_EXTENSION = xctest;
			};
			name = Debug;
		};
		07E0CBC618DF2A9E0034F69E /* Release */ = {
			isa = XCBuildConfiguration;
			buildSettings = {
				BUNDLE_LOADER = "$(BUILT_PRODUCTS_DIR)/FFXcodeProjectManager Sample.app/Contents/MacOS/FFXcodeProjectManager Sample";
				CLANG_ENABLE_MODULES = YES;
				FRAMEWORK_SEARCH_PATHS = (
					"$(SDKROOT)/Developer/Library/Frameworks",
					"$(inherited)",
					"$(DEVELOPER_FRAMEWORKS_DIR)",
				);
				GCC_PRECOMPILE_PREFIX_HEADER = YES;
				GCC_PREFIX_HEADER = "FFXcodeProjectManager iOS/FFXcodeProjectManager iOS-Prefix.pch";
				GCC_WARN_UNINITIALIZED_AUTOS = YES_AGGRESSIVE;
				INFOPLIST_FILE = "FFXcodeProjectManager iOSTests/FFXcodeProjectManager iOSTests-Info.plist";
				IPHONEOS_DEPLOYMENT_TARGET = 7.1;
				PRODUCT_NAME = "$(TARGET_NAME)";
				SDKROOT = iphoneos;
				TEST_HOST = "$(BUNDLE_LOADER)";
				VALIDATE_PRODUCT = YES;
				WRAPPER_EXTENSION = xctest;
			};
			name = Release;
		};
		07F1BD901881DA0500D96872 /* Debug */ = {
			isa = XCBuildConfiguration;
			buildSettings = {
				ALWAYS_SEARCH_USER_PATHS = NO;
				CLANG_CXX_LANGUAGE_STANDARD = "gnu++0x";
				CLANG_CXX_LIBRARY = "libc++";
				CLANG_ENABLE_OBJC_ARC = YES;
				CLANG_WARN_BOOL_CONVERSION = YES;
				CLANG_WARN_CONSTANT_CONVERSION = YES;
				CLANG_WARN_DIRECT_OBJC_ISA_USAGE = YES_ERROR;
				CLANG_WARN_EMPTY_BODY = YES;
				CLANG_WARN_ENUM_CONVERSION = YES;
				CLANG_WARN_INT_CONVERSION = YES;
				CLANG_WARN_OBJC_ROOT_CLASS = YES_ERROR;
				CLANG_WARN__DUPLICATE_METHOD_MATCH = YES;
				COPY_PHASE_STRIP = NO;
				GCC_C_LANGUAGE_STANDARD = gnu99;
				GCC_DYNAMIC_NO_PIC = NO;
				GCC_ENABLE_OBJC_EXCEPTIONS = YES;
				GCC_OPTIMIZATION_LEVEL = 0;
				GCC_PREPROCESSOR_DEFINITIONS = (
					"DEBUG=1",
					"$(inherited)",
				);
				GCC_SYMBOLS_PRIVATE_EXTERN = NO;
				GCC_WARN_64_TO_32_BIT_CONVERSION = YES;
				GCC_WARN_ABOUT_RETURN_TYPE = YES_ERROR;
				GCC_WARN_UNDECLARED_SELECTOR = YES;
				GCC_WARN_UNINITIALIZED_AUTOS = YES;
				GCC_WARN_UNUSED_FUNCTION = YES;
				GCC_WARN_UNUSED_VARIABLE = YES;
				MACOSX_DEPLOYMENT_TARGET = 10.9;
				SDKROOT = macosx;
			};
			name = Debug;
		};
		07F1BD911881DA0500D96872 /* Release */ = {
			isa = XCBuildConfiguration;
			buildSettings = {
				ALWAYS_SEARCH_USER_PATHS = NO;
				CLANG_CXX_LANGUAGE_STANDARD = "gnu++0x";
				CLANG_CXX_LIBRARY = "libc++";
				CLANG_ENABLE_OBJC_ARC = YES;
				CLANG_WARN_BOOL_CONVERSION = YES;
				CLANG_WARN_CONSTANT_CONVERSION = YES;
				CLANG_WARN_DIRECT_OBJC_ISA_USAGE = YES_ERROR;
				CLANG_WARN_EMPTY_BODY = YES;
				CLANG_WARN_ENUM_CONVERSION = YES;
				CLANG_WARN_INT_CONVERSION = YES;
				CLANG_WARN_OBJC_ROOT_CLASS = YES_ERROR;
				CLANG_WARN__DUPLICATE_METHOD_MATCH = YES;
				COPY_PHASE_STRIP = YES;
				DEBUG_INFORMATION_FORMAT = "dwarf-with-dsym";
				ENABLE_NS_ASSERTIONS = NO;
				GCC_C_LANGUAGE_STANDARD = gnu99;
				GCC_ENABLE_OBJC_EXCEPTIONS = YES;
				GCC_WARN_64_TO_32_BIT_CONVERSION = YES;
				GCC_WARN_ABOUT_RETURN_TYPE = YES_ERROR;
				GCC_WARN_UNDECLARED_SELECTOR = YES;
				GCC_WARN_UNINITIALIZED_AUTOS = YES;
				GCC_WARN_UNUSED_FUNCTION = YES;
				GCC_WARN_UNUSED_VARIABLE = YES;
				MACOSX_DEPLOYMENT_TARGET = 10.9;
				SDKROOT = macosx;
			};
			name = Release;
		};
		07F1BD931881DA0500D96872 /* Debug */ = {
			isa = XCBuildConfiguration;
			buildSettings = {
				ASSETCATALOG_COMPILER_APPICON_NAME = AppIcon;
				COMBINE_HIDPI_IMAGES = YES;
				GCC_PRECOMPILE_PREFIX_HEADER = YES;
				GCC_PREFIX_HEADER = "FFXcodeProjectManager Sample/FFXcodeProjectManager Sample-Prefix.pch";
				INFOPLIST_FILE = "FFXcodeProjectManager Sample/FFXcodeProjectManager Sample-Info.plist";
				PRODUCT_NAME = "$(TARGET_NAME)";
				WRAPPER_EXTENSION = app;
			};
			name = Debug;
		};
		07F1BD941881DA0500D96872 /* Release */ = {
			isa = XCBuildConfiguration;
			buildSettings = {
				ASSETCATALOG_COMPILER_APPICON_NAME = AppIcon;
				COMBINE_HIDPI_IMAGES = YES;
				GCC_PRECOMPILE_PREFIX_HEADER = YES;
				GCC_PREFIX_HEADER = "FFXcodeProjectManager Sample/FFXcodeProjectManager Sample-Prefix.pch";
				INFOPLIST_FILE = "FFXcodeProjectManager Sample/FFXcodeProjectManager Sample-Info.plist";
				PRODUCT_NAME = "$(TARGET_NAME)";
				WRAPPER_EXTENSION = app;
			};
			name = Release;
		};
		07F1BD961881DA0500D96872 /* Debug */ = {
			isa = XCBuildConfiguration;
			buildSettings = {
				BUNDLE_LOADER = "$(BUILT_PRODUCTS_DIR)/FFXcodeProjectManager Sample.app/Contents/MacOS/FFXcodeProjectManager Sample";
				COMBINE_HIDPI_IMAGES = YES;
				FRAMEWORK_SEARCH_PATHS = (
					"$(DEVELOPER_FRAMEWORKS_DIR)",
					"$(inherited)",
				);
				GCC_PRECOMPILE_PREFIX_HEADER = YES;
				GCC_PREFIX_HEADER = "FFXcodeProjectManager Sample/FFXcodeProjectManager Sample-Prefix.pch";
				GCC_PREPROCESSOR_DEFINITIONS = (
					"DEBUG=1",
					"$(inherited)",
				);
				INFOPLIST_FILE = "FFXcodeProjectManager SampleTests/FFXcodeProjectManager SampleTests-Info.plist";
				PRODUCT_NAME = "$(TARGET_NAME)";
				TEST_HOST = "$(BUNDLE_LOADER)";
				WRAPPER_EXTENSION = xctest;
			};
			name = Debug;
		};
		07F1BD971881DA0500D96872 /* Release */ = {
			isa = XCBuildConfiguration;
			buildSettings = {
				BUNDLE_LOADER = "$(BUILT_PRODUCTS_DIR)/FFXcodeProjectManager Sample.app/Contents/MacOS/FFXcodeProjectManager Sample";
				COMBINE_HIDPI_IMAGES = YES;
				FRAMEWORK_SEARCH_PATHS = (
					"$(DEVELOPER_FRAMEWORKS_DIR)",
					"$(inherited)",
				);
				GCC_PRECOMPILE_PREFIX_HEADER = YES;
				GCC_PREFIX_HEADER = "FFXcodeProjectManager Sample/FFXcodeProjectManager Sample-Prefix.pch";
				INFOPLIST_FILE = "FFXcodeProjectManager SampleTests/FFXcodeProjectManager SampleTests-Info.plist";
				PRODUCT_NAME = "$(TARGET_NAME)";
				TEST_HOST = "$(BUNDLE_LOADER)";
				WRAPPER_EXTENSION = xctest;
			};
			name = Release;
		};
/* End XCBuildConfiguration section */

/* Begin XCConfigurationList section */
		07E0CAD518DDFD230034F69E /* Build configuration list for PBXNativeTarget "FFXcodeProjectManager" */ = {
			isa = XCConfigurationList;
			buildConfigurations = (
				07E0CAD118DDFD230034F69E /* Debug */,
				07E0CAD218DDFD230034F69E /* Release */,
			);
			defaultConfigurationIsVisible = 0;
			defaultConfigurationName = Release;
		};
		07E0CAD618DDFD230034F69E /* Build configuration list for PBXNativeTarget "FFXcodeProjectManagerTests" */ = {
			isa = XCConfigurationList;
			buildConfigurations = (
				07E0CAD318DDFD230034F69E /* Debug */,
				07E0CAD418DDFD230034F69E /* Release */,
			);
			defaultConfigurationIsVisible = 0;
			defaultConfigurationName = Release;
		};
		07E0CBC118DF2A9E0034F69E /* Build configuration list for PBXNativeTarget "FFXcodeProjectManager iOS" */ = {
			isa = XCConfigurationList;
			buildConfigurations = (
				07E0CBC218DF2A9E0034F69E /* Debug */,
				07E0CBC318DF2A9E0034F69E /* Release */,
			);
			defaultConfigurationIsVisible = 0;
			defaultConfigurationName = Release;
		};
		07E0CBC418DF2A9E0034F69E /* Build configuration list for PBXNativeTarget "FFXcodeProjectManager iOSTests" */ = {
			isa = XCConfigurationList;
			buildConfigurations = (
				07E0CBC518DF2A9E0034F69E /* Debug */,
				07E0CBC618DF2A9E0034F69E /* Release */,
			);
			defaultConfigurationIsVisible = 0;
			defaultConfigurationName = Release;
		};
		07F1BD5C1881DA0500D96872 /* Build configuration list for PBXProject "FFXcodeProjectManager" */ = {
			isa = XCConfigurationList;
			buildConfigurations = (
				07F1BD901881DA0500D96872 /* Debug */,
				07F1BD911881DA0500D96872 /* Release */,
			);
			defaultConfigurationIsVisible = 0;
			defaultConfigurationName = Release;
		};
		07F1BD921881DA0500D96872 /* Build configuration list for PBXNativeTarget "FFXcodeProjectManager Sample" */ = {
			isa = XCConfigurationList;
			buildConfigurations = (
				07F1BD931881DA0500D96872 /* Debug */,
				07F1BD941881DA0500D96872 /* Release */,
			);
			defaultConfigurationIsVisible = 0;
			defaultConfigurationName = Release;
		};
		07F1BD951881DA0500D96872 /* Build configuration list for PBXNativeTarget "FFXcodeProjectManager SampleTests" */ = {
			isa = XCConfigurationList;
			buildConfigurations = (
				07F1BD961881DA0500D96872 /* Debug */,
				07F1BD971881DA0500D96872 /* Release */,
			);
			defaultConfigurationIsVisible = 0;
			defaultConfigurationName = Release;
		};
/* End XCConfigurationList section */
	};
	rootObject = 07F1BD591881DA0500D96872 /* Project object */;
}
